
Microsoft Visual Studio Solution File, Format Version 11.00
# Visual Studio 2010
Project("{FAE04EC0-301F-11D3-BF4B-00C04F79EFBC}") = "Client.Executable", "Notifications.Client.Executable\Client.Executable.csproj", "{0E77BD72-2B56-4080-8220-31D66ABA71D3}"
EndProject
Project("{2150E333-8FDC-42A3-9474-1A3956D46DE8}") = "Client", "Client", "{D8E582A5-A29C-473F-939E-A1B76BBC77E2}"
EndProject
Project("{2150E333-8FDC-42A3-9474-1A3956D46DE8}") = "Server", "Server", "{1FE0D071-9CC3-4114-AC18-778414B4416E}"
EndProject
Project("{2150E333-8FDC-42A3-9474-1A3956D46DE8}") = "Global", "Global", "{082302D8-0709-4A89-8B0B-69EA7CF7F381}"
EndProject
Project("{2150E333-8FDC-42A3-9474-1A3956D46DE8}") = "Core", "Core", "{F200958C-B217-4708-AF63-81D5AB179FA0}"
EndProject
Project("{2150E333-8FDC-42A3-9474-1A3956D46DE8}") = "Core", "Core", "{F238D8A7-7D65-444B-A816-2E7DCDCDE1DF}"
EndProject
Project("{2150E333-8FDC-42A3-9474-1A3956D46DE8}") = "Testing", "Testing", "{BEC3BF94-B604-49CF-A499-34CFE8409623}"
EndProject
Project("{FAE04EC0-301F-11D3-BF4B-00C04F79EFBC}") = "Testing.ServerConsole", "Notifications.Testing.ServerConsole\Testing.ServerConsole.csproj", "{6DB7B3DD-45B1-4A3B-8FD5-CBAA0D0F2B91}"
EndProject
Project("{FAE04EC0-301F-11D3-BF4B-00C04F79EFBC}") = "Server.Service", "Notifications.Server.Service\Server.Service.csproj", "{268682C9-2A8F-4AEA-B95B-0CEA9B9D7925}"
EndProject
Project("{FAE04EC0-301F-11D3-BF4B-00C04F79EFBC}") = "Server.Server", "Notifications.Server.Server\Server.Server.csproj", "{59A2FC1F-C976-4CD3-89FF-C6A70C0B6584}"
EndProject
Project("{2150E333-8FDC-42A3-9474-1A3956D46DE8}") = "Core", "Core", "{4D8E2A78-D2F0-412C-8FAD-AD07135845D3}"
EndProject
Project("{FAE04EC0-301F-11D3-BF4B-00C04F79EFBC}") = "Global.Core.ManagerBase", "Notifications.Global.Modules.ManagerBase\Global.Core.ManagerBase.csproj", "{05546654-B256-4B52-A29C-1983DD1D2845}"
EndProject
Project("{FAE04EC0-301F-11D3-BF4B-00C04F79EFBC}") = "Client.Core.Core", "Notifications.Client.Modules.Core\Client.Core.Core.csproj", "{74422501-DEC2-478A-A0C4-3CBF82785EC8}"
EndProject
Project("{FAE04EC0-301F-11D3-BF4B-00C04F79EFBC}") = "Server.Core.Core", "Notifications.Server.Modules.Core\Server.Core.Core.csproj", "{863B1A63-002F-47AF-BA19-2C53BBBCE4ED}"
EndProject
Project("{FAE04EC0-301F-11D3-BF4B-00C04F79EFBC}") = "Global.Core.Communication.Base", "Notifications.Global.Core.CommunicationBase\Global.Core.Communication.Base.csproj", "{C55B156A-CC8B-4EB9-BE65-BF0D63C1E5E2}"
EndProject
Project("{FAE04EC0-301F-11D3-BF4B-00C04F79EFBC}") = "Global.Core.Communication.Core", "Notifications.Global.Core.CommunicationCore\Global.Core.Communication.Core.csproj", "{EB1D1A60-B6A8-447B-B36C-7EE7891A9E08}"
EndProject
Project("{2150E333-8FDC-42A3-9474-1A3956D46DE8}") = "Communication", "Communication", "{4EAE62DE-8210-406A-8AC6-D57F5AB4D46C}"
EndProject
Project("{FAE04EC0-301F-11D3-BF4B-00C04F79EFBC}") = "Client.Core.Manager", "Notifications.Client.Core.Manager\Client.Core.Manager.csproj", "{8BE3E22D-E56A-44C6-9319-68D570BB11C6}"
EndProject
Project("{FAE04EC0-301F-11D3-BF4B-00C04F79EFBC}") = "Server.Core.Manager", "Notifications.Server.Core.Manager\Server.Core.Manager.csproj", "{6E63A56D-14EE-4E99-9984-E9664F480D15}"
EndProject
Project("{2150E333-8FDC-42A3-9474-1A3956D46DE8}") = "Plugins", "Plugins", "{E86C21F6-C15B-4295-B522-D039809FA66D}"
EndProject
Project("{2150E333-8FDC-42A3-9474-1A3956D46DE8}") = "SMS", "SMS", "{05CACEEE-2939-491A-AAFF-7BDF904AA95F}"
EndProject
Project("{2150E333-8FDC-42A3-9474-1A3956D46DE8}") = "Client", "Client", "{84743155-75CB-4F41-93B3-03EFADE0D3EB}"
EndProject
Project("{2150E333-8FDC-42A3-9474-1A3956D46DE8}") = "Server", "Server", "{B21A79D1-2A02-4415-BC91-4EF305854AF3}"
EndProject
Project("{2150E333-8FDC-42A3-9474-1A3956D46DE8}") = "Global", "Global", "{4F3F4685-49AC-4165-915C-88A6DCE3272C}"
EndProject
Project("{FAE04EC0-301F-11D3-BF4B-00C04F79EFBC}") = "Plugins.SMS.Global", "Plugins\SMS\Global\Notifications.Plugins.SMS.Global.ComObjects\Plugins.SMS.Global.csproj", "{96861E9B-D128-438A-85DA-9F51E7220AD8}"
EndProject
Project("{FAE04EC0-301F-11D3-BF4B-00C04F79EFBC}") = "Plugins.SMS.Server", "Plugins\SMS\Server\Notifications.Plugins.SMS.Server\Plugins.SMS.Server.csproj", "{15A3421B-14B9-46BA-B1F4-FC43557EDF8E}"
EndProject
Project("{FAE04EC0-301F-11D3-BF4B-00C04F79EFBC}") = "Plugins.SMS.Client", "Plugins\SMS\Client\Notifications.Plugins.SMS.Client\Plugins.SMS.Client.csproj", "{8C87199B-0F07-4053-80DF-A75DDD63A5E2}"
EndProject
Project("{FAE04EC0-301F-11D3-BF4B-00C04F79EFBC}") = "Global.Core.Utils", "Global.Core.Utils\Global.Core.Utils.csproj", "{4F796810-F43D-41C3-9D83-AB83D93F1150}"
EndProject
Project("{FAE04EC0-301F-11D3-BF4B-00C04F79EFBC}") = "Nito.Async", "External_Libraries\Nitro\Nito.Async\Nito.Async.csproj", "{708763ED-7801-4F2C-B103-4FEBD771769A}"
EndProject
Project("{FAE04EC0-301F-11D3-BF4B-00C04F79EFBC}") = "Nito.Async.Sockets", "External_Libraries\Nitro\Nito.Async.Sockets\Nito.Async.Sockets.csproj", "{B412B766-BEC2-407C-A7A1-0E5257511515}"
EndProject
Project("{2150E333-8FDC-42A3-9474-1A3956D46DE8}") = "External_Libraries", "External_Libraries", "{1910EAF6-4A53-4E10-8000-0474B0D77B0D}"
EndProject
Project("{2150E333-8FDC-42A3-9474-1A3956D46DE8}") = "Nitro", "Nitro", "{F4537734-7EA2-48B0-A128-3B3A0E169576}"
EndProject
Project("{2150E333-8FDC-42A3-9474-1A3956D46DE8}") = "Base", "Base", "{8BDE2121-0420-4D7C-92EB-FC6D24532B08}"
EndProject
Project("{2150E333-8FDC-42A3-9474-1A3956D46DE8}") = "Plugin", "Plugin", "{1A5FE3D5-5B55-4744-9B6B-5E463B925A5D}"
EndProject
Project("{FAE04EC0-301F-11D3-BF4B-00C04F79EFBC}") = "Global.Base.Plugin.Client", "Notifications.Global.Base.Plugin.Client\Global.Base.Plugin.Client.csproj", "{A63DC85B-1333-47AA-91B9-8D348BD2CB05}"
EndProject
Project("{FAE04EC0-301F-11D3-BF4B-00C04F79EFBC}") = "Global.Base.Plugin.Server", "Notifications.Global.Base.Plugin.Server\Global.Base.Plugin.Server.csproj", "{9ACA2A3E-2C76-471C-BDD2-1D48847329DB}"
EndProject
Project("{FAE04EC0-301F-11D3-BF4B-00C04F79EFBC}") = "Notifications.Global.Base.Plugin.ComObjects", "Notifications.Global.Base.Plugin.ComObjects\Notifications.Global.Base.Plugin.ComObjects.csproj", "{F72809D9-E2F1-4BAE-A321-250A6F5B8062}"
EndProject
Project("{FAE04EC0-301F-11D3-BF4B-00C04F79EFBC}") = "Notifications.Client.Interop", "Notifications.Client.Interop\Notifications.Client.Interop.csproj", "{66EA8CBF-718F-4CFB-8015-760CDC64C956}"
EndProject
Project("{FAE04EC0-301F-11D3-BF4B-00C04F79EFBC}") = "Server.Interop", "Notifications.Server.Interop\Server.Interop.csproj", "{BAF14E0B-6361-4A51-B553-ABBA031E210F}"
EndProject
Project("{2150E333-8FDC-42A3-9474-1A3956D46DE8}") = "Administration", "Administration", "{1371E40C-FEAC-48CC-89EA-32EDA2B959CC}"
EndProject
Project("{2150E333-8FDC-42A3-9474-1A3956D46DE8}") = "Client", "Client", "{E49DED2D-F644-4B7C-8809-79102ABDB3EC}"
EndProject
Project("{2150E333-8FDC-42A3-9474-1A3956D46DE8}") = "Global", "Global", "{7B6092BC-BE4B-424F-B7F5-47EA5B247DC4}"
EndProject
Project("{2150E333-8FDC-42A3-9474-1A3956D46DE8}") = "Server", "Server", "{E90BE4D7-6BD6-4146-878F-8F4FE8E6E081}"
EndProject
Project("{FAE04EC0-301F-11D3-BF4B-00C04F79EFBC}") = "Notifications.Plugins.Administration.Client", "Notifications.Plugins.Administration.Client\Notifications.Plugins.Administration.Client.csproj", "{5628573F-0733-4DD6-B02B-29D2CFD82CB1}"
EndProject
Global
	GlobalSection(SolutionConfigurationPlatforms) = preSolution
		Debug|Any CPU = Debug|Any CPU
		Debug|Mixed Platforms = Debug|Mixed Platforms
		Debug|x86 = Debug|x86
		Release|Any CPU = Release|Any CPU
		Release|Mixed Platforms = Release|Mixed Platforms
		Release|x86 = Release|x86
	EndGlobalSection
	GlobalSection(ProjectConfigurationPlatforms) = postSolution
		{0E77BD72-2B56-4080-8220-31D66ABA71D3}.Debug|Any CPU.ActiveCfg = Debug|x86
		{0E77BD72-2B56-4080-8220-31D66ABA71D3}.Debug|Mixed Platforms.ActiveCfg = Debug|x86
		{0E77BD72-2B56-4080-8220-31D66ABA71D3}.Debug|Mixed Platforms.Build.0 = Debug|x86
		{0E77BD72-2B56-4080-8220-31D66ABA71D3}.Debug|x86.ActiveCfg = Debug|x86
		{0E77BD72-2B56-4080-8220-31D66ABA71D3}.Debug|x86.Build.0 = Debug|x86
		{0E77BD72-2B56-4080-8220-31D66ABA71D3}.Release|Any CPU.ActiveCfg = Release|x86
		{0E77BD72-2B56-4080-8220-31D66ABA71D3}.Release|Mixed Platforms.ActiveCfg = Release|x86
		{0E77BD72-2B56-4080-8220-31D66ABA71D3}.Release|Mixed Platforms.Build.0 = Release|x86
		{0E77BD72-2B56-4080-8220-31D66ABA71D3}.Release|x86.ActiveCfg = Release|x86
		{0E77BD72-2B56-4080-8220-31D66ABA71D3}.Release|x86.Build.0 = Release|x86
		{6DB7B3DD-45B1-4A3B-8FD5-CBAA0D0F2B91}.Debug|Any CPU.ActiveCfg = Debug|x86
		{6DB7B3DD-45B1-4A3B-8FD5-CBAA0D0F2B91}.Debug|Mixed Platforms.ActiveCfg = Debug|x86
		{6DB7B3DD-45B1-4A3B-8FD5-CBAA0D0F2B91}.Debug|Mixed Platforms.Build.0 = Debug|x86
		{6DB7B3DD-45B1-4A3B-8FD5-CBAA0D0F2B91}.Debug|x86.ActiveCfg = Debug|x86
		{6DB7B3DD-45B1-4A3B-8FD5-CBAA0D0F2B91}.Debug|x86.Build.0 = Debug|x86
		{6DB7B3DD-45B1-4A3B-8FD5-CBAA0D0F2B91}.Release|Any CPU.ActiveCfg = Release|x86
		{6DB7B3DD-45B1-4A3B-8FD5-CBAA0D0F2B91}.Release|Mixed Platforms.ActiveCfg = Release|x86
		{6DB7B3DD-45B1-4A3B-8FD5-CBAA0D0F2B91}.Release|Mixed Platforms.Build.0 = Release|x86
		{6DB7B3DD-45B1-4A3B-8FD5-CBAA0D0F2B91}.Release|x86.ActiveCfg = Release|x86
		{6DB7B3DD-45B1-4A3B-8FD5-CBAA0D0F2B91}.Release|x86.Build.0 = Release|x86
		{268682C9-2A8F-4AEA-B95B-0CEA9B9D7925}.Debug|Any CPU.ActiveCfg = Debug|x86
		{268682C9-2A8F-4AEA-B95B-0CEA9B9D7925}.Debug|Mixed Platforms.ActiveCfg = Debug|x86
		{268682C9-2A8F-4AEA-B95B-0CEA9B9D7925}.Debug|Mixed Platforms.Build.0 = Debug|x86
		{268682C9-2A8F-4AEA-B95B-0CEA9B9D7925}.Debug|x86.ActiveCfg = Debug|x86
		{268682C9-2A8F-4AEA-B95B-0CEA9B9D7925}.Debug|x86.Build.0 = Debug|x86
		{268682C9-2A8F-4AEA-B95B-0CEA9B9D7925}.Release|Any CPU.ActiveCfg = Release|x86
		{268682C9-2A8F-4AEA-B95B-0CEA9B9D7925}.Release|Mixed Platforms.ActiveCfg = Release|x86
		{268682C9-2A8F-4AEA-B95B-0CEA9B9D7925}.Release|Mixed Platforms.Build.0 = Release|x86
		{268682C9-2A8F-4AEA-B95B-0CEA9B9D7925}.Release|x86.ActiveCfg = Release|x86
		{268682C9-2A8F-4AEA-B95B-0CEA9B9D7925}.Release|x86.Build.0 = Release|x86
		{59A2FC1F-C976-4CD3-89FF-C6A70C0B6584}.Debug|Any CPU.ActiveCfg = Debug|Any CPU
		{59A2FC1F-C976-4CD3-89FF-C6A70C0B6584}.Debug|Any CPU.Build.0 = Debug|Any CPU
		{59A2FC1F-C976-4CD3-89FF-C6A70C0B6584}.Debug|Mixed Platforms.ActiveCfg = Debug|Any CPU
		{59A2FC1F-C976-4CD3-89FF-C6A70C0B6584}.Debug|Mixed Platforms.Build.0 = Debug|Any CPU
		{59A2FC1F-C976-4CD3-89FF-C6A70C0B6584}.Debug|x86.ActiveCfg = Debug|Any CPU
		{59A2FC1F-C976-4CD3-89FF-C6A70C0B6584}.Release|Any CPU.ActiveCfg = Release|Any CPU
		{59A2FC1F-C976-4CD3-89FF-C6A70C0B6584}.Release|Any CPU.Build.0 = Release|Any CPU
		{59A2FC1F-C976-4CD3-89FF-C6A70C0B6584}.Release|Mixed Platforms.ActiveCfg = Release|Any CPU
		{59A2FC1F-C976-4CD3-89FF-C6A70C0B6584}.Release|Mixed Platforms.Build.0 = Release|Any CPU
		{59A2FC1F-C976-4CD3-89FF-C6A70C0B6584}.Release|x86.ActiveCfg = Release|Any CPU
		{05546654-B256-4B52-A29C-1983DD1D2845}.Debug|Any CPU.ActiveCfg = Debug|Any CPU
		{05546654-B256-4B52-A29C-1983DD1D2845}.Debug|Any CPU.Build.0 = Debug|Any CPU
		{05546654-B256-4B52-A29C-1983DD1D2845}.Debug|Mixed Platforms.ActiveCfg = Debug|Any CPU
		{05546654-B256-4B52-A29C-1983DD1D2845}.Debug|Mixed Platforms.Build.0 = Debug|Any CPU
		{05546654-B256-4B52-A29C-1983DD1D2845}.Debug|x86.ActiveCfg = Debug|Any CPU
		{05546654-B256-4B52-A29C-1983DD1D2845}.Release|Any CPU.ActiveCfg = Release|Any CPU
		{05546654-B256-4B52-A29C-1983DD1D2845}.Release|Any CPU.Build.0 = Release|Any CPU
		{05546654-B256-4B52-A29C-1983DD1D2845}.Release|Mixed Platforms.ActiveCfg = Release|Any CPU
		{05546654-B256-4B52-A29C-1983DD1D2845}.Release|Mixed Platforms.Build.0 = Release|Any CPU
		{05546654-B256-4B52-A29C-1983DD1D2845}.Release|x86.ActiveCfg = Release|Any CPU
		{74422501-DEC2-478A-A0C4-3CBF82785EC8}.Debug|Any CPU.ActiveCfg = Debug|Any CPU
		{74422501-DEC2-478A-A0C4-3CBF82785EC8}.Debug|Any CPU.Build.0 = Debug|Any CPU
		{74422501-DEC2-478A-A0C4-3CBF82785EC8}.Debug|Mixed Platforms.ActiveCfg = Debug|Any CPU
		{74422501-DEC2-478A-A0C4-3CBF82785EC8}.Debug|Mixed Platforms.Build.0 = Debug|Any CPU
		{74422501-DEC2-478A-A0C4-3CBF82785EC8}.Debug|x86.ActiveCfg = Debug|Any CPU
		{74422501-DEC2-478A-A0C4-3CBF82785EC8}.Release|Any CPU.ActiveCfg = Release|Any CPU
		{74422501-DEC2-478A-A0C4-3CBF82785EC8}.Release|Any CPU.Build.0 = Release|Any CPU
		{74422501-DEC2-478A-A0C4-3CBF82785EC8}.Release|Mixed Platforms.ActiveCfg = Release|Any CPU
		{74422501-DEC2-478A-A0C4-3CBF82785EC8}.Release|Mixed Platforms.Build.0 = Release|Any CPU
		{74422501-DEC2-478A-A0C4-3CBF82785EC8}.Release|x86.ActiveCfg = Release|Any CPU
		{863B1A63-002F-47AF-BA19-2C53BBBCE4ED}.Debug|Any CPU.ActiveCfg = Debug|Any CPU
		{863B1A63-002F-47AF-BA19-2C53BBBCE4ED}.Debug|Any CPU.Build.0 = Debug|Any CPU
		{863B1A63-002F-47AF-BA19-2C53BBBCE4ED}.Debug|Mixed Platforms.ActiveCfg = Debug|Any CPU
		{863B1A63-002F-47AF-BA19-2C53BBBCE4ED}.Debug|Mixed Platforms.Build.0 = Debug|Any CPU
		{863B1A63-002F-47AF-BA19-2C53BBBCE4ED}.Debug|x86.ActiveCfg = Debug|Any CPU
		{863B1A63-002F-47AF-BA19-2C53BBBCE4ED}.Release|Any CPU.ActiveCfg = Release|Any CPU
		{863B1A63-002F-47AF-BA19-2C53BBBCE4ED}.Release|Any CPU.Build.0 = Release|Any CPU
		{863B1A63-002F-47AF-BA19-2C53BBBCE4ED}.Release|Mixed Platforms.ActiveCfg = Release|Any CPU
		{863B1A63-002F-47AF-BA19-2C53BBBCE4ED}.Release|Mixed Platforms.Build.0 = Release|Any CPU
		{863B1A63-002F-47AF-BA19-2C53BBBCE4ED}.Release|x86.ActiveCfg = Release|Any CPU
		{C55B156A-CC8B-4EB9-BE65-BF0D63C1E5E2}.Debug|Any CPU.ActiveCfg = Debug|Any CPU
		{C55B156A-CC8B-4EB9-BE65-BF0D63C1E5E2}.Debug|Any CPU.Build.0 = Debug|Any CPU
		{C55B156A-CC8B-4EB9-BE65-BF0D63C1E5E2}.Debug|Mixed Platforms.ActiveCfg = Debug|Any CPU
		{C55B156A-CC8B-4EB9-BE65-BF0D63C1E5E2}.Debug|Mixed Platforms.Build.0 = Debug|Any CPU
		{C55B156A-CC8B-4EB9-BE65-BF0D63C1E5E2}.Debug|x86.ActiveCfg = Debug|Any CPU
		{C55B156A-CC8B-4EB9-BE65-BF0D63C1E5E2}.Release|Any CPU.ActiveCfg = Release|Any CPU
		{C55B156A-CC8B-4EB9-BE65-BF0D63C1E5E2}.Release|Any CPU.Build.0 = Release|Any CPU
		{C55B156A-CC8B-4EB9-BE65-BF0D63C1E5E2}.Release|Mixed Platforms.ActiveCfg = Release|Any CPU
		{C55B156A-CC8B-4EB9-BE65-BF0D63C1E5E2}.Release|Mixed Platforms.Build.0 = Release|Any CPU
		{C55B156A-CC8B-4EB9-BE65-BF0D63C1E5E2}.Release|x86.ActiveCfg = Release|Any CPU
		{EB1D1A60-B6A8-447B-B36C-7EE7891A9E08}.Debug|Any CPU.ActiveCfg = Debug|Any CPU
		{EB1D1A60-B6A8-447B-B36C-7EE7891A9E08}.Debug|Any CPU.Build.0 = Debug|Any CPU
		{EB1D1A60-B6A8-447B-B36C-7EE7891A9E08}.Debug|Mixed Platforms.ActiveCfg = Debug|Any CPU
		{EB1D1A60-B6A8-447B-B36C-7EE7891A9E08}.Debug|Mixed Platforms.Build.0 = Debug|Any CPU
		{EB1D1A60-B6A8-447B-B36C-7EE7891A9E08}.Debug|x86.ActiveCfg = Debug|Any CPU
		{EB1D1A60-B6A8-447B-B36C-7EE7891A9E08}.Release|Any CPU.ActiveCfg = Release|Any CPU
		{EB1D1A60-B6A8-447B-B36C-7EE7891A9E08}.Release|Any CPU.Build.0 = Release|Any CPU
		{EB1D1A60-B6A8-447B-B36C-7EE7891A9E08}.Release|Mixed Platforms.ActiveCfg = Release|Any CPU
		{EB1D1A60-B6A8-447B-B36C-7EE7891A9E08}.Release|Mixed Platforms.Build.0 = Release|Any CPU
		{EB1D1A60-B6A8-447B-B36C-7EE7891A9E08}.Release|x86.ActiveCfg = Release|Any CPU
		{8BE3E22D-E56A-44C6-9319-68D570BB11C6}.Debug|Any CPU.ActiveCfg = Debug|Any CPU
		{8BE3E22D-E56A-44C6-9319-68D570BB11C6}.Debug|Any CPU.Build.0 = Debug|Any CPU
		{8BE3E22D-E56A-44C6-9319-68D570BB11C6}.Debug|Mixed Platforms.ActiveCfg = Debug|Any CPU
		{8BE3E22D-E56A-44C6-9319-68D570BB11C6}.Debug|Mixed Platforms.Build.0 = Debug|Any CPU
		{8BE3E22D-E56A-44C6-9319-68D570BB11C6}.Debug|x86.ActiveCfg = Debug|Any CPU
		{8BE3E22D-E56A-44C6-9319-68D570BB11C6}.Release|Any CPU.ActiveCfg = Release|Any CPU
		{8BE3E22D-E56A-44C6-9319-68D570BB11C6}.Release|Any CPU.Build.0 = Release|Any CPU
		{8BE3E22D-E56A-44C6-9319-68D570BB11C6}.Release|Mixed Platforms.ActiveCfg = Release|Any CPU
		{8BE3E22D-E56A-44C6-9319-68D570BB11C6}.Release|Mixed Platforms.Build.0 = Release|Any CPU
		{8BE3E22D-E56A-44C6-9319-68D570BB11C6}.Release|x86.ActiveCfg = Release|Any CPU
		{6E63A56D-14EE-4E99-9984-E9664F480D15}.Debug|Any CPU.ActiveCfg = Debug|Any CPU
		{6E63A56D-14EE-4E99-9984-E9664F480D15}.Debug|Any CPU.Build.0 = Debug|Any CPU
		{6E63A56D-14EE-4E99-9984-E9664F480D15}.Debug|Mixed Platforms.ActiveCfg = Debug|Any CPU
		{6E63A56D-14EE-4E99-9984-E9664F480D15}.Debug|Mixed Platforms.Build.0 = Debug|Any CPU
		{6E63A56D-14EE-4E99-9984-E9664F480D15}.Debug|x86.ActiveCfg = Debug|Any CPU
		{6E63A56D-14EE-4E99-9984-E9664F480D15}.Release|Any CPU.ActiveCfg = Release|Any CPU
		{6E63A56D-14EE-4E99-9984-E9664F480D15}.Release|Any CPU.Build.0 = Release|Any CPU
		{6E63A56D-14EE-4E99-9984-E9664F480D15}.Release|Mixed Platforms.ActiveCfg = Release|Any CPU
		{6E63A56D-14EE-4E99-9984-E9664F480D15}.Release|Mixed Platforms.Build.0 = Release|Any CPU
		{6E63A56D-14EE-4E99-9984-E9664F480D15}.Release|x86.ActiveCfg = Release|Any CPU
		{96861E9B-D128-438A-85DA-9F51E7220AD8}.Debug|Any CPU.ActiveCfg = Debug|Any CPU
		{96861E9B-D128-438A-85DA-9F51E7220AD8}.Debug|Any CPU.Build.0 = Debug|Any CPU
		{96861E9B-D128-438A-85DA-9F51E7220AD8}.Debug|Mixed Platforms.ActiveCfg = Debug|Any CPU
		{96861E9B-D128-438A-85DA-9F51E7220AD8}.Debug|Mixed Platforms.Build.0 = Debug|Any CPU
		{96861E9B-D128-438A-85DA-9F51E7220AD8}.Debug|x86.ActiveCfg = Debug|Any CPU
		{96861E9B-D128-438A-85DA-9F51E7220AD8}.Release|Any CPU.ActiveCfg = Release|Any CPU
		{96861E9B-D128-438A-85DA-9F51E7220AD8}.Release|Any CPU.Build.0 = Release|Any CPU
		{96861E9B-D128-438A-85DA-9F51E7220AD8}.Release|Mixed Platforms.ActiveCfg = Release|Any CPU
		{96861E9B-D128-438A-85DA-9F51E7220AD8}.Release|Mixed Platforms.Build.0 = Release|Any CPU
		{96861E9B-D128-438A-85DA-9F51E7220AD8}.Release|x86.ActiveCfg = Release|Any CPU
		{15A3421B-14B9-46BA-B1F4-FC43557EDF8E}.Debug|Any CPU.ActiveCfg = Debug|Any CPU
		{15A3421B-14B9-46BA-B1F4-FC43557EDF8E}.Debug|Any CPU.Build.0 = Debug|Any CPU
		{15A3421B-14B9-46BA-B1F4-FC43557EDF8E}.Debug|Mixed Platforms.ActiveCfg = Debug|Any CPU
		{15A3421B-14B9-46BA-B1F4-FC43557EDF8E}.Debug|Mixed Platforms.Build.0 = Debug|Any CPU
		{15A3421B-14B9-46BA-B1F4-FC43557EDF8E}.Debug|x86.ActiveCfg = Debug|Any CPU
		{15A3421B-14B9-46BA-B1F4-FC43557EDF8E}.Release|Any CPU.ActiveCfg = Release|Any CPU
		{15A3421B-14B9-46BA-B1F4-FC43557EDF8E}.Release|Any CPU.Build.0 = Release|Any CPU
		{15A3421B-14B9-46BA-B1F4-FC43557EDF8E}.Release|Mixed Platforms.ActiveCfg = Release|Any CPU
		{15A3421B-14B9-46BA-B1F4-FC43557EDF8E}.Release|Mixed Platforms.Build.0 = Release|Any CPU
		{15A3421B-14B9-46BA-B1F4-FC43557EDF8E}.Release|x86.ActiveCfg = Release|Any CPU
		{8C87199B-0F07-4053-80DF-A75DDD63A5E2}.Debug|Any CPU.ActiveCfg = Debug|Any CPU
		{8C87199B-0F07-4053-80DF-A75DDD63A5E2}.Debug|Any CPU.Build.0 = Debug|Any CPU
		{8C87199B-0F07-4053-80DF-A75DDD63A5E2}.Debug|Mixed Platforms.ActiveCfg = Debug|Any CPU
		{8C87199B-0F07-4053-80DF-A75DDD63A5E2}.Debug|Mixed Platforms.Build.0 = Debug|Any CPU
		{8C87199B-0F07-4053-80DF-A75DDD63A5E2}.Debug|x86.ActiveCfg = Debug|Any CPU
		{8C87199B-0F07-4053-80DF-A75DDD63A5E2}.Release|Any CPU.ActiveCfg = Release|Any CPU
		{8C87199B-0F07-4053-80DF-A75DDD63A5E2}.Release|Any CPU.Build.0 = Release|Any CPU
		{8C87199B-0F07-4053-80DF-A75DDD63A5E2}.Release|Mixed Platforms.ActiveCfg = Release|Any CPU
		{8C87199B-0F07-4053-80DF-A75DDD63A5E2}.Release|Mixed Platforms.Build.0 = Release|Any CPU
		{8C87199B-0F07-4053-80DF-A75DDD63A5E2}.Release|x86.ActiveCfg = Release|Any CPU
		{4F796810-F43D-41C3-9D83-AB83D93F1150}.Debug|Any CPU.ActiveCfg = Debug|Any CPU
		{4F796810-F43D-41C3-9D83-AB83D93F1150}.Debug|Any CPU.Build.0 = Debug|Any CPU
		{4F796810-F43D-41C3-9D83-AB83D93F1150}.Debug|Mixed Platforms.ActiveCfg = Debug|Any CPU
		{4F796810-F43D-41C3-9D83-AB83D93F1150}.Debug|Mixed Platforms.Build.0 = Debug|Any CPU
		{4F796810-F43D-41C3-9D83-AB83D93F1150}.Debug|x86.ActiveCfg = Debug|Any CPU
		{4F796810-F43D-41C3-9D83-AB83D93F1150}.Release|Any CPU.ActiveCfg = Release|Any CPU
		{4F796810-F43D-41C3-9D83-AB83D93F1150}.Release|Any CPU.Build.0 = Release|Any CPU
		{4F796810-F43D-41C3-9D83-AB83D93F1150}.Release|Mixed Platforms.ActiveCfg = Release|Any CPU
		{4F796810-F43D-41C3-9D83-AB83D93F1150}.Release|Mixed Platforms.Build.0 = Release|Any CPU
		{4F796810-F43D-41C3-9D83-AB83D93F1150}.Release|x86.ActiveCfg = Release|Any CPU
		{708763ED-7801-4F2C-B103-4FEBD771769A}.Debug|Any CPU.ActiveCfg = Debug|Any CPU
		{708763ED-7801-4F2C-B103-4FEBD771769A}.Debug|Any CPU.Build.0 = Debug|Any CPU
		{708763ED-7801-4F2C-B103-4FEBD771769A}.Debug|Mixed Platforms.ActiveCfg = Debug|Any CPU
		{708763ED-7801-4F2C-B103-4FEBD771769A}.Debug|Mixed Platforms.Build.0 = Debug|Any CPU
		{708763ED-7801-4F2C-B103-4FEBD771769A}.Debug|x86.ActiveCfg = Debug|Any CPU
		{708763ED-7801-4F2C-B103-4FEBD771769A}.Release|Any CPU.ActiveCfg = Release|Any CPU
		{708763ED-7801-4F2C-B103-4FEBD771769A}.Release|Any CPU.Build.0 = Release|Any CPU
		{708763ED-7801-4F2C-B103-4FEBD771769A}.Release|Mixed Platforms.ActiveCfg = Release|Any CPU
		{708763ED-7801-4F2C-B103-4FEBD771769A}.Release|Mixed Platforms.Build.0 = Release|Any CPU
		{708763ED-7801-4F2C-B103-4FEBD771769A}.Release|x86.ActiveCfg = Release|Any CPU
		{B412B766-BEC2-407C-A7A1-0E5257511515}.Debug|Any CPU.ActiveCfg = Debug|Any CPU
		{B412B766-BEC2-407C-A7A1-0E5257511515}.Debug|Any CPU.Build.0 = Debug|Any CPU
		{B412B766-BEC2-407C-A7A1-0E5257511515}.Debug|Mixed Platforms.ActiveCfg = Debug|Any CPU
		{B412B766-BEC2-407C-A7A1-0E5257511515}.Debug|Mixed Platforms.Build.0 = Debug|Any CPU
		{B412B766-BEC2-407C-A7A1-0E5257511515}.Debug|x86.ActiveCfg = Debug|Any CPU
		{B412B766-BEC2-407C-A7A1-0E5257511515}.Release|Any CPU.ActiveCfg = Release|Any CPU
		{B412B766-BEC2-407C-A7A1-0E5257511515}.Release|Any CPU.Build.0 = Release|Any CPU
		{B412B766-BEC2-407C-A7A1-0E5257511515}.Release|Mixed Platforms.ActiveCfg = Release|Any CPU
		{B412B766-BEC2-407C-A7A1-0E5257511515}.Release|Mixed Platforms.Build.0 = Release|Any CPU
		{B412B766-BEC2-407C-A7A1-0E5257511515}.Release|x86.ActiveCfg = Release|Any CPU
		{A63DC85B-1333-47AA-91B9-8D348BD2CB05}.Debug|Any CPU.ActiveCfg = Debug|Any CPU
		{A63DC85B-1333-47AA-91B9-8D348BD2CB05}.Debug|Any CPU.Build.0 = Debug|Any CPU
		{A63DC85B-1333-47AA-91B9-8D348BD2CB05}.Debug|Mixed Platforms.ActiveCfg = Debug|Any CPU
		{A63DC85B-1333-47AA-91B9-8D348BD2CB05}.Debug|Mixed Platforms.Build.0 = Debug|Any CPU
		{A63DC85B-1333-47AA-91B9-8D348BD2CB05}.Debug|x86.ActiveCfg = Debug|Any CPU
		{A63DC85B-1333-47AA-91B9-8D348BD2CB05}.Release|Any CPU.ActiveCfg = Release|Any CPU
		{A63DC85B-1333-47AA-91B9-8D348BD2CB05}.Release|Any CPU.Build.0 = Release|Any CPU
		{A63DC85B-1333-47AA-91B9-8D348BD2CB05}.Release|Mixed Platforms.ActiveCfg = Release|Any CPU
		{A63DC85B-1333-47AA-91B9-8D348BD2CB05}.Release|Mixed Platforms.Build.0 = Release|Any CPU
		{A63DC85B-1333-47AA-91B9-8D348BD2CB05}.Release|x86.ActiveCfg = Release|Any CPU
		{9ACA2A3E-2C76-471C-BDD2-1D48847329DB}.Debug|Any CPU.ActiveCfg = Debug|Any CPU
		{9ACA2A3E-2C76-471C-BDD2-1D48847329DB}.Debug|Any CPU.Build.0 = Debug|Any CPU
		{9ACA2A3E-2C76-471C-BDD2-1D48847329DB}.Debug|Mixed Platforms.ActiveCfg = Debug|Any CPU
		{9ACA2A3E-2C76-471C-BDD2-1D48847329DB}.Debug|Mixed Platforms.Build.0 = Debug|Any CPU
		{9ACA2A3E-2C76-471C-BDD2-1D48847329DB}.Debug|x86.ActiveCfg = Debug|Any CPU
		{9ACA2A3E-2C76-471C-BDD2-1D48847329DB}.Release|Any CPU.ActiveCfg = Release|Any CPU
		{9ACA2A3E-2C76-471C-BDD2-1D48847329DB}.Release|Any CPU.Build.0 = Release|Any CPU
		{9ACA2A3E-2C76-471C-BDD2-1D48847329DB}.Release|Mixed Platforms.ActiveCfg = Release|Any CPU
		{9ACA2A3E-2C76-471C-BDD2-1D48847329DB}.Release|Mixed Platforms.Build.0 = Release|Any CPU
		{9ACA2A3E-2C76-471C-BDD2-1D48847329DB}.Release|x86.ActiveCfg = Release|Any CPU
		{F72809D9-E2F1-4BAE-A321-250A6F5B8062}.Debug|Any CPU.ActiveCfg = Debug|Any CPU
		{F72809D9-E2F1-4BAE-A321-250A6F5B8062}.Debug|Any CPU.Build.0 = Debug|Any CPU
		{F72809D9-E2F1-4BAE-A321-250A6F5B8062}.Debug|Mixed Platforms.ActiveCfg = Debug|Any CPU
		{F72809D9-E2F1-4BAE-A321-250A6F5B8062}.Debug|Mixed Platforms.Build.0 = Debug|Any CPU
		{F72809D9-E2F1-4BAE-A321-250A6F5B8062}.Debug|x86.ActiveCfg = Debug|Any CPU
		{F72809D9-E2F1-4BAE-A321-250A6F5B8062}.Release|Any CPU.ActiveCfg = Release|Any CPU
		{F72809D9-E2F1-4BAE-A321-250A6F5B8062}.Release|Any CPU.Build.0 = Release|Any CPU
		{F72809D9-E2F1-4BAE-A321-250A6F5B8062}.Release|Mixed Platforms.ActiveCfg = Release|Any CPU
		{F72809D9-E2F1-4BAE-A321-250A6F5B8062}.Release|Mixed Platforms.Build.0 = Release|Any CPU
		{F72809D9-E2F1-4BAE-A321-250A6F5B8062}.Release|x86.ActiveCfg = Release|Any CPU
		{66EA8CBF-718F-4CFB-8015-760CDC64C956}.Debug|Any CPU.ActiveCfg = Debug|Any CPU
		{66EA8CBF-718F-4CFB-8015-760CDC64C956}.Debug|Any CPU.Build.0 = Debug|Any CPU
		{66EA8CBF-718F-4CFB-8015-760CDC64C956}.Debug|Mixed Platforms.ActiveCfg = Debug|Any CPU
		{66EA8CBF-718F-4CFB-8015-760CDC64C956}.Debug|Mixed Platforms.Build.0 = Debug|Any CPU
		{66EA8CBF-718F-4CFB-8015-760CDC64C956}.Debug|x86.ActiveCfg = Debug|Any CPU
		{66EA8CBF-718F-4CFB-8015-760CDC64C956}.Release|Any CPU.ActiveCfg = Release|Any CPU
		{66EA8CBF-718F-4CFB-8015-760CDC64C956}.Release|Any CPU.Build.0 = Release|Any CPU
		{66EA8CBF-718F-4CFB-8015-760CDC64C956}.Release|Mixed Platforms.ActiveCfg = Release|Any CPU
		{66EA8CBF-718F-4CFB-8015-760CDC64C956}.Release|Mixed Platforms.Build.0 = Release|Any CPU
		{66EA8CBF-718F-4CFB-8015-760CDC64C956}.Release|x86.ActiveCfg = Release|Any CPU
		{BAF14E0B-6361-4A51-B553-ABBA031E210F}.Debug|Any CPU.ActiveCfg = Debug|Any CPU
		{BAF14E0B-6361-4A51-B553-ABBA031E210F}.Debug|Any CPU.Build.0 = Debug|Any CPU
		{BAF14E0B-6361-4A51-B553-ABBA031E210F}.Debug|Mixed Platforms.ActiveCfg = Debug|Any CPU
		{BAF14E0B-6361-4A51-B553-ABBA031E210F}.Debug|Mixed Platforms.Build.0 = Debug|Any CPU
		{BAF14E0B-6361-4A51-B553-ABBA031E210F}.Debug|x86.ActiveCfg = Debug|Any CPU
		{BAF14E0B-6361-4A51-B553-ABBA031E210F}.Release|Any CPU.ActiveCfg = Release|Any CPU
		{BAF14E0B-6361-4A51-B553-ABBA031E210F}.Release|Any CPU.Build.0 = Release|Any CPU
		{BAF14E0B-6361-4A51-B553-ABBA031E210F}.Release|Mixed Platforms.ActiveCfg = Release|Any CPU
		{BAF14E0B-6361-4A51-B553-ABBA031E210F}.Release|Mixed Platforms.Build.0 = Release|Any CPU
		{BAF14E0B-6361-4A51-B553-ABBA031E210F}.Release|x86.ActiveCfg = Release|Any CPU
		{5628573F-0733-4DD6-B02B-29D2CFD82CB1}.Debug|Any CPU.ActiveCfg = Debug|Any CPU
		{5628573F-0733-4DD6-B02B-29D2CFD82CB1}.Debug|Any CPU.Build.0 = Debug|Any CPU
		{5628573F-0733-4DD6-B02B-29D2CFD82CB1}.Debug|Mixed Platforms.ActiveCfg = Debug|Any CPU
		{5628573F-0733-4DD6-B02B-29D2CFD82CB1}.Debug|Mixed Platforms.Build.0 = Debug|Any CPU
		{5628573F-0733-4DD6-B02B-29D2CFD82CB1}.Debug|x86.ActiveCfg = Debug|Any CPU
		{5628573F-0733-4DD6-B02B-29D2CFD82CB1}.Release|Any CPU.ActiveCfg = Release|Any CPU
		{5628573F-0733-4DD6-B02B-29D2CFD82CB1}.Release|Any CPU.Build.0 = Release|Any CPU
		{5628573F-0733-4DD6-B02B-29D2CFD82CB1}.Release|Mixed Platforms.ActiveCfg = Release|Any CPU
		{5628573F-0733-4DD6-B02B-29D2CFD82CB1}.Release|Mixed Platforms.Build.0 = Release|Any CPU
		{5628573F-0733-4DD6-B02B-29D2CFD82CB1}.Release|x86.ActiveCfg = Release|Any CPU
	EndGlobalSection
	GlobalSection(SolutionProperties) = preSolution
		HideSolutionNode = FALSE
	EndGlobalSection
	GlobalSection(NestedProjects) = preSolution
		{0E77BD72-2B56-4080-8220-31D66ABA71D3} = {D8E582A5-A29C-473F-939E-A1B76BBC77E2}
		{F200958C-B217-4708-AF63-81D5AB179FA0} = {D8E582A5-A29C-473F-939E-A1B76BBC77E2}
		{66EA8CBF-718F-4CFB-8015-760CDC64C956} = {D8E582A5-A29C-473F-939E-A1B76BBC77E2}
		{F238D8A7-7D65-444B-A816-2E7DCDCDE1DF} = {1FE0D071-9CC3-4114-AC18-778414B4416E}
		{268682C9-2A8F-4AEA-B95B-0CEA9B9D7925} = {1FE0D071-9CC3-4114-AC18-778414B4416E}
		{59A2FC1F-C976-4CD3-89FF-C6A70C0B6584} = {1FE0D071-9CC3-4114-AC18-778414B4416E}
		{BAF14E0B-6361-4A51-B553-ABBA031E210F} = {1FE0D071-9CC3-4114-AC18-778414B4416E}
		{4D8E2A78-D2F0-412C-8FAD-AD07135845D3} = {082302D8-0709-4A89-8B0B-69EA7CF7F381}
		{8BDE2121-0420-4D7C-92EB-FC6D24532B08} = {082302D8-0709-4A89-8B0B-69EA7CF7F381}
		{74422501-DEC2-478A-A0C4-3CBF82785EC8} = {F200958C-B217-4708-AF63-81D5AB179FA0}
		{8BE3E22D-E56A-44C6-9319-68D570BB11C6} = {F200958C-B217-4708-AF63-81D5AB179FA0}
		{863B1A63-002F-47AF-BA19-2C53BBBCE4ED} = {F238D8A7-7D65-444B-A816-2E7DCDCDE1DF}
		{6E63A56D-14EE-4E99-9984-E9664F480D15} = {F238D8A7-7D65-444B-A816-2E7DCDCDE1DF}
		{6DB7B3DD-45B1-4A3B-8FD5-CBAA0D0F2B91} = {BEC3BF94-B604-49CF-A499-34CFE8409623}
		{05546654-B256-4B52-A29C-1983DD1D2845} = {4D8E2A78-D2F0-412C-8FAD-AD07135845D3}
		{4EAE62DE-8210-406A-8AC6-D57F5AB4D46C} = {4D8E2A78-D2F0-412C-8FAD-AD07135845D3}
		{4F796810-F43D-41C3-9D83-AB83D93F1150} = {4D8E2A78-D2F0-412C-8FAD-AD07135845D3}
		{EB1D1A60-B6A8-447B-B36C-7EE7891A9E08} = {4EAE62DE-8210-406A-8AC6-D57F5AB4D46C}
		{C55B156A-CC8B-4EB9-BE65-BF0D63C1E5E2} = {4EAE62DE-8210-406A-8AC6-D57F5AB4D46C}
		{05CACEEE-2939-491A-AAFF-7BDF904AA95F} = {E86C21F6-C15B-4295-B522-D039809FA66D}
		{1371E40C-FEAC-48CC-89EA-32EDA2B959CC} = {E86C21F6-C15B-4295-B522-D039809FA66D}
		{84743155-75CB-4F41-93B3-03EFADE0D3EB} = {05CACEEE-2939-491A-AAFF-7BDF904AA95F}
		{B21A79D1-2A02-4415-BC91-4EF305854AF3} = {05CACEEE-2939-491A-AAFF-7BDF904AA95F}
		{4F3F4685-49AC-4165-915C-88A6DCE3272C} = {05CACEEE-2939-491A-AAFF-7BDF904AA95F}
		{8C87199B-0F07-4053-80DF-A75DDD63A5E2} = {84743155-75CB-4F41-93B3-03EFADE0D3EB}
		{15A3421B-14B9-46BA-B1F4-FC43557EDF8E} = {B21A79D1-2A02-4415-BC91-4EF305854AF3}
		{96861E9B-D128-438A-85DA-9F51E7220AD8} = {4F3F4685-49AC-4165-915C-88A6DCE3272C}
		{F4537734-7EA2-48B0-A128-3B3A0E169576} = {1910EAF6-4A53-4E10-8000-0474B0D77B0D}
		{708763ED-7801-4F2C-B103-4FEBD771769A} = {F4537734-7EA2-48B0-A128-3B3A0E169576}
		{B412B766-BEC2-407C-A7A1-0E5257511515} = {F4537734-7EA2-48B0-A128-3B3A0E169576}
		{1A5FE3D5-5B55-4744-9B6B-5E463B925A5D} = {8BDE2121-0420-4D7C-92EB-FC6D24532B08}
		{A63DC85B-1333-47AA-91B9-8D348BD2CB05} = {1A5FE3D5-5B55-4744-9B6B-5E463B925A5D}
		{9ACA2A3E-2C76-471C-BDD2-1D48847329DB} = {1A5FE3D5-5B55-4744-9B6B-5E463B925A5D}
		{F72809D9-E2F1-4BAE-A321-250A6F5B8062} = {1A5FE3D5-5B55-4744-9B6B-5E463B925A5D}
		{E49DED2D-F644-4B7C-8809-79102ABDB3EC} = {1371E40C-FEAC-48CC-89EA-32EDA2B959CC}
		{7B6092BC-BE4B-424F-B7F5-47EA5B247DC4} = {1371E40C-FEAC-48CC-89EA-32EDA2B959CC}
		{E90BE4D7-6BD6-4146-878F-8F4FE8E6E081} = {1371E40C-FEAC-48CC-89EA-32EDA2B959CC}
		{5628573F-0733-4DD6-B02B-29D2CFD82CB1} = {E49DED2D-F644-4B7C-8809-79102ABDB3EC}
	EndGlobalSection
	GlobalSection(ExtensibilityGlobals) = postSolution
		VisualSVNWorkingCopyRoot = .
	EndGlobalSection
EndGlobal
