
Microsoft Visual Studio Solution File, Format Version 11.00
# Visual Studio 2010
Project("{FAE04EC0-301F-11D3-BF4B-00C04F79EFBC}") = "Client.Executable", "Notifications.Client.Executable\Client.Executable.csproj", "{0E77BD72-2B56-4080-8220-31D66ABA71D3}"
EndProject
Project("{2150E333-8FDC-42A3-9474-1A3956D46DE8}") = "Client", "Client", "{D8E582A5-A29C-473F-939E-A1B76BBC77E2}"
EndProject
Project("{2150E333-8FDC-42A3-9474-1A3956D46DE8}") = "Server", "Server", "{1FE0D071-9CC3-4114-AC18-778414B4416E}"
EndProject
Project("{2150E333-8FDC-42A3-9474-1A3956D46DE8}") = "Global", "Global", "{082302D8-0709-4A89-8B0B-69EA7CF7F381}"
EndProject
Project("{2150E333-8FDC-42A3-9474-1A3956D46DE8}") = "Core", "Core", "{F200958C-B217-4708-AF63-81D5AB179FA0}"
EndProject
Project("{2150E333-8FDC-42A3-9474-1A3956D46DE8}") = "Core", "Core", "{F238D8A7-7D65-444B-A816-2E7DCDCDE1DF}"
EndProject
Project("{2150E333-8FDC-42A3-9474-1A3956D46DE8}") = "Testing", "Testing", "{BEC3BF94-B604-49CF-A499-34CFE8409623}"
EndProject
Project("{FAE04EC0-301F-11D3-BF4B-00C04F79EFBC}") = "Testing.ServerConsole", "Notifications.Testing.ServerConsole\Testing.ServerConsole.csproj", "{6DB7B3DD-45B1-4A3B-8FD5-CBAA0D0F2B91}"
EndProject
Project("{FAE04EC0-301F-11D3-BF4B-00C04F79EFBC}") = "Server.Service", "Notifications.Server.Service\Server.Service.csproj", "{268682C9-2A8F-4AEA-B95B-0CEA9B9D7925}"
EndProject
Project("{FAE04EC0-301F-11D3-BF4B-00C04F79EFBC}") = "Server.Server", "Notifications.Server.Server\Server.Server.csproj", "{59A2FC1F-C976-4CD3-89FF-C6A70C0B6584}"
EndProject
Project("{2150E333-8FDC-42A3-9474-1A3956D46DE8}") = "Core", "Core", "{4D8E2A78-D2F0-412C-8FAD-AD07135845D3}"
EndProject
Project("{FAE04EC0-301F-11D3-BF4B-00C04F79EFBC}") = "Global.Core.ManagerBase", "Notifications.Global.Modules.ManagerBase\Global.Core.ManagerBase.csproj", "{05546654-B256-4B52-A29C-1983DD1D2845}"
EndProject
Project("{FAE04EC0-301F-11D3-BF4B-00C04F79EFBC}") = "Client.Core.Core", "Notifications.Client.Modules.Core\Client.Core.Core.csproj", "{74422501-DEC2-478A-A0C4-3CBF82785EC8}"
EndProject
Project("{FAE04EC0-301F-11D3-BF4B-00C04F79EFBC}") = "Server.Core.Core", "Notifications.Server.Modules.Core\Server.Core.Core.csproj", "{863B1A63-002F-47AF-BA19-2C53BBBCE4ED}"
EndProject
Project("{FAE04EC0-301F-11D3-BF4B-00C04F79EFBC}") = "Global.Core.Communication.Base", "Notifications.Global.Core.CommunicationBase\Global.Core.Communication.Base.csproj", "{C55B156A-CC8B-4EB9-BE65-BF0D63C1E5E2}"
EndProject
Project("{FAE04EC0-301F-11D3-BF4B-00C04F79EFBC}") = "Global.Core.Communication.Core", "Notifications.Global.Core.CommunicationCore\Global.Core.Communication.Core.csproj", "{EB1D1A60-B6A8-447B-B36C-7EE7891A9E08}"
EndProject
Project("{2150E333-8FDC-42A3-9474-1A3956D46DE8}") = "Communication", "Communication", "{4EAE62DE-8210-406A-8AC6-D57F5AB4D46C}"
EndProject
Project("{FAE04EC0-301F-11D3-BF4B-00C04F79EFBC}") = "Client.Core.Manager", "Notifications.Client.Core.Manager\Client.Core.Manager.csproj", "{8BE3E22D-E56A-44C6-9319-68D570BB11C6}"
EndProject
Project("{FAE04EC0-301F-11D3-BF4B-00C04F79EFBC}") = "Server.Core.Manager", "Notifications.Server.Core.Manager\Server.Core.Manager.csproj", "{6E63A56D-14EE-4E99-9984-E9664F480D15}"
EndProject
Project("{2150E333-8FDC-42A3-9474-1A3956D46DE8}") = "Plugins", "Plugins", "{E86C21F6-C15B-4295-B522-D039809FA66D}"
EndProject
Project("{2150E333-8FDC-42A3-9474-1A3956D46DE8}") = "SMS", "SMS", "{05CACEEE-2939-491A-AAFF-7BDF904AA95F}"
EndProject
Project("{2150E333-8FDC-42A3-9474-1A3956D46DE8}") = "Client", "Client", "{84743155-75CB-4F41-93B3-03EFADE0D3EB}"
EndProject
Project("{2150E333-8FDC-42A3-9474-1A3956D46DE8}") = "Server", "Server", "{B21A79D1-2A02-4415-BC91-4EF305854AF3}"
EndProject
Project("{2150E333-8FDC-42A3-9474-1A3956D46DE8}") = "Global", "Global", "{4F3F4685-49AC-4165-915C-88A6DCE3272C}"
EndProject
Project("{FAE04EC0-301F-11D3-BF4B-00C04F79EFBC}") = "Plugins.SMS.Global.ComObjects", "Plugins\SMS\Global\Notifications.Plugins.SMS.Global.ComObjects\Plugins.SMS.Global.ComObjects.csproj", "{96861E9B-D128-438A-85DA-9F51E7220AD8}"
EndProject
Project("{FAE04EC0-301F-11D3-BF4B-00C04F79EFBC}") = "Plugins.SMS.Server", "Plugins\SMS\Server\Notifications.Plugins.SMS.Server\Plugins.SMS.Server.csproj", "{15A3421B-14B9-46BA-B1F4-FC43557EDF8E}"
EndProject
Project("{FAE04EC0-301F-11D3-BF4B-00C04F79EFBC}") = "Plugins.SMS.Client", "Plugins\SMS\Client\Notifications.Plugins.SMS.Client\Plugins.SMS.Client.csproj", "{8C87199B-0F07-4053-80DF-A75DDD63A5E2}"
EndProject
Project("{FAE04EC0-301F-11D3-BF4B-00C04F79EFBC}") = "Global.Core.Utils", "Global.Core.Utils\Global.Core.Utils.csproj", "{4F796810-F43D-41C3-9D83-AB83D93F1150}"
EndProject
Global
	GlobalSection(SolutionConfigurationPlatforms) = preSolution
		Debug|Any CPU = Debug|Any CPU
		Debug|Mixed Platforms = Debug|Mixed Platforms
		Debug|x86 = Debug|x86
		Release|Any CPU = Release|Any CPU
		Release|Mixed Platforms = Release|Mixed Platforms
		Release|x86 = Release|x86
	EndGlobalSection
	GlobalSection(ProjectConfigurationPlatforms) = postSolution
		{0E77BD72-2B56-4080-8220-31D66ABA71D3}.Debug|Any CPU.ActiveCfg = Debug|x86
		{0E77BD72-2B56-4080-8220-31D66ABA71D3}.Debug|Mixed Platforms.ActiveCfg = Debug|x86
		{0E77BD72-2B56-4080-8220-31D66ABA71D3}.Debug|Mixed Platforms.Build.0 = Debug|x86
		{0E77BD72-2B56-4080-8220-31D66ABA71D3}.Debug|x86.ActiveCfg = Debug|x86
		{0E77BD72-2B56-4080-8220-31D66ABA71D3}.Debug|x86.Build.0 = Debug|x86
		{0E77BD72-2B56-4080-8220-31D66ABA71D3}.Release|Any CPU.ActiveCfg = Release|x86
		{0E77BD72-2B56-4080-8220-31D66ABA71D3}.Release|Mixed Platforms.ActiveCfg = Release|x86
		{0E77BD72-2B56-4080-8220-31D66ABA71D3}.Release|Mixed Platforms.Build.0 = Release|x86
		{0E77BD72-2B56-4080-8220-31D66ABA71D3}.Release|x86.ActiveCfg = Release|x86
		{0E77BD72-2B56-4080-8220-31D66ABA71D3}.Release|x86.Build.0 = Release|x86
		{6DB7B3DD-45B1-4A3B-8FD5-CBAA0D0F2B91}.Debug|Any CPU.ActiveCfg = Debug|x86
		{6DB7B3DD-45B1-4A3B-8FD5-CBAA0D0F2B91}.Debug|Mixed Platforms.ActiveCfg = Debug|x86
		{6DB7B3DD-45B1-4A3B-8FD5-CBAA0D0F2B91}.Debug|Mixed Platforms.Build.0 = Debug|x86
		{6DB7B3DD-45B1-4A3B-8FD5-CBAA0D0F2B91}.Debug|x86.ActiveCfg = Debug|x86
		{6DB7B3DD-45B1-4A3B-8FD5-CBAA0D0F2B91}.Debug|x86.Build.0 = Debug|x86
		{6DB7B3DD-45B1-4A3B-8FD5-CBAA0D0F2B91}.Release|Any CPU.ActiveCfg = Release|x86
		{6DB7B3DD-45B1-4A3B-8FD5-CBAA0D0F2B91}.Release|Mixed Platforms.ActiveCfg = Release|x86
		{6DB7B3DD-45B1-4A3B-8FD5-CBAA0D0F2B91}.Release|Mixed Platforms.Build.0 = Release|x86
		{6DB7B3DD-45B1-4A3B-8FD5-CBAA0D0F2B91}.Release|x86.ActiveCfg = Release|x86
		{6DB7B3DD-45B1-4A3B-8FD5-CBAA0D0F2B91}.Release|x86.Build.0 = Release|x86
		{268682C9-2A8F-4AEA-B95B-0CEA9B9D7925}.Debug|Any CPU.ActiveCfg = Debug|x86
		{268682C9-2A8F-4AEA-B95B-0CEA9B9D7925}.Debug|Mixed Platforms.ActiveCfg = Debug|x86
		{268682C9-2A8F-4AEA-B95B-0CEA9B9D7925}.Debug|Mixed Platforms.Build.0 = Debug|x86
		{268682C9-2A8F-4AEA-B95B-0CEA9B9D7925}.Debug|x86.ActiveCfg = Debug|x86
		{268682C9-2A8F-4AEA-B95B-0CEA9B9D7925}.Debug|x86.Build.0 = Debug|x86
		{268682C9-2A8F-4AEA-B95B-0CEA9B9D7925}.Release|Any CPU.ActiveCfg = Release|x86
		{268682C9-2A8F-4AEA-B95B-0CEA9B9D7925}.Release|Mixed Platforms.ActiveCfg = Release|x86
		{268682C9-2A8F-4AEA-B95B-0CEA9B9D7925}.Release|Mixed Platforms.Build.0 = Release|x86
		{268682C9-2A8F-4AEA-B95B-0CEA9B9D7925}.Release|x86.ActiveCfg = Release|x86
		{268682C9-2A8F-4AEA-B95B-0CEA9B9D7925}.Release|x86.Build.0 = Release|x86
		{59A2FC1F-C976-4CD3-89FF-C6A70C0B6584}.Debug|Any CPU.ActiveCfg = Debug|Any CPU
		{59A2FC1F-C976-4CD3-89FF-C6A70C0B6584}.Debug|Any CPU.Build.0 = Debug|Any CPU
		{59A2FC1F-C976-4CD3-89FF-C6A70C0B6584}.Debug|Mixed Platforms.ActiveCfg = Debug|Any CPU
		{59A2FC1F-C976-4CD3-89FF-C6A70C0B6584}.Debug|Mixed Platforms.Build.0 = Debug|Any CPU
		{59A2FC1F-C976-4CD3-89FF-C6A70C0B6584}.Debug|x86.ActiveCfg = Debug|Any CPU
		{59A2FC1F-C976-4CD3-89FF-C6A70C0B6584}.Release|Any CPU.ActiveCfg = Release|Any CPU
		{59A2FC1F-C976-4CD3-89FF-C6A70C0B6584}.Release|Any CPU.Build.0 = Release|Any CPU
		{59A2FC1F-C976-4CD3-89FF-C6A70C0B6584}.Release|Mixed Platforms.ActiveCfg = Release|Any CPU
		{59A2FC1F-C976-4CD3-89FF-C6A70C0B6584}.Release|Mixed Platforms.Build.0 = Release|Any CPU
		{59A2FC1F-C976-4CD3-89FF-C6A70C0B6584}.Release|x86.ActiveCfg = Release|Any CPU
		{05546654-B256-4B52-A29C-1983DD1D2845}.Debug|Any CPU.ActiveCfg = Debug|Any CPU
		{05546654-B256-4B52-A29C-1983DD1D2845}.Debug|Any CPU.Build.0 = Debug|Any CPU
		{05546654-B256-4B52-A29C-1983DD1D2845}.Debug|Mixed Platforms.ActiveCfg = Debug|Any CPU
		{05546654-B256-4B52-A29C-1983DD1D2845}.Debug|Mixed Platforms.Build.0 = Debug|Any CPU
		{05546654-B256-4B52-A29C-1983DD1D2845}.Debug|x86.ActiveCfg = Debug|Any CPU
		{05546654-B256-4B52-A29C-1983DD1D2845}.Release|Any CPU.ActiveCfg = Release|Any CPU
		{05546654-B256-4B52-A29C-1983DD1D2845}.Release|Any CPU.Build.0 = Release|Any CPU
		{05546654-B256-4B52-A29C-1983DD1D2845}.Release|Mixed Platforms.ActiveCfg = Release|Any CPU
		{05546654-B256-4B52-A29C-1983DD1D2845}.Release|Mixed Platforms.Build.0 = Release|Any CPU
		{05546654-B256-4B52-A29C-1983DD1D2845}.Release|x86.ActiveCfg = Release|Any CPU
		{74422501-DEC2-478A-A0C4-3CBF82785EC8}.Debug|Any CPU.ActiveCfg = Debug|Any CPU
		{74422501-DEC2-478A-A0C4-3CBF82785EC8}.Debug|Any CPU.Build.0 = Debug|Any CPU
		{74422501-DEC2-478A-A0C4-3CBF82785EC8}.Debug|Mixed Platforms.ActiveCfg = Debug|Any CPU
		{74422501-DEC2-478A-A0C4-3CBF82785EC8}.Debug|Mixed Platforms.Build.0 = Debug|Any CPU
		{74422501-DEC2-478A-A0C4-3CBF82785EC8}.Debug|x86.ActiveCfg = Debug|Any CPU
		{74422501-DEC2-478A-A0C4-3CBF82785EC8}.Release|Any CPU.ActiveCfg = Release|Any CPU
		{74422501-DEC2-478A-A0C4-3CBF82785EC8}.Release|Any CPU.Build.0 = Release|Any CPU
		{74422501-DEC2-478A-A0C4-3CBF82785EC8}.Release|Mixed Platforms.ActiveCfg = Release|Any CPU
		{74422501-DEC2-478A-A0C4-3CBF82785EC8}.Release|Mixed Platforms.Build.0 = Release|Any CPU
		{74422501-DEC2-478A-A0C4-3CBF82785EC8}.Release|x86.ActiveCfg = Release|Any CPU
		{863B1A63-002F-47AF-BA19-2C53BBBCE4ED}.Debug|Any CPU.ActiveCfg = Debug|Any CPU
		{863B1A63-002F-47AF-BA19-2C53BBBCE4ED}.Debug|Any CPU.Build.0 = Debug|Any CPU
		{863B1A63-002F-47AF-BA19-2C53BBBCE4ED}.Debug|Mixed Platforms.ActiveCfg = Debug|Any CPU
		{863B1A63-002F-47AF-BA19-2C53BBBCE4ED}.Debug|Mixed Platforms.Build.0 = Debug|Any CPU
		{863B1A63-002F-47AF-BA19-2C53BBBCE4ED}.Debug|x86.ActiveCfg = Debug|Any CPU
		{863B1A63-002F-47AF-BA19-2C53BBBCE4ED}.Release|Any CPU.ActiveCfg = Release|Any CPU
		{863B1A63-002F-47AF-BA19-2C53BBBCE4ED}.Release|Any CPU.Build.0 = Release|Any CPU
		{863B1A63-002F-47AF-BA19-2C53BBBCE4ED}.Release|Mixed Platforms.ActiveCfg = Release|Any CPU
		{863B1A63-002F-47AF-BA19-2C53BBBCE4ED}.Release|Mixed Platforms.Build.0 = Release|Any CPU
		{863B1A63-002F-47AF-BA19-2C53BBBCE4ED}.Release|x86.ActiveCfg = Release|Any CPU
		{C55B156A-CC8B-4EB9-BE65-BF0D63C1E5E2}.Debug|Any CPU.ActiveCfg = Debug|Any CPU
		{C55B156A-CC8B-4EB9-BE65-BF0D63C1E5E2}.Debug|Any CPU.Build.0 = Debug|Any CPU
		{C55B156A-CC8B-4EB9-BE65-BF0D63C1E5E2}.Debug|Mixed Platforms.ActiveCfg = Debug|Any CPU
		{C55B156A-CC8B-4EB9-BE65-BF0D63C1E5E2}.Debug|Mixed Platforms.Build.0 = Debug|Any CPU
		{C55B156A-CC8B-4EB9-BE65-BF0D63C1E5E2}.Debug|x86.ActiveCfg = Debug|Any CPU
		{C55B156A-CC8B-4EB9-BE65-BF0D63C1E5E2}.Release|Any CPU.ActiveCfg = Release|Any CPU
		{C55B156A-CC8B-4EB9-BE65-BF0D63C1E5E2}.Release|Any CPU.Build.0 = Release|Any CPU
		{C55B156A-CC8B-4EB9-BE65-BF0D63C1E5E2}.Release|Mixed Platforms.ActiveCfg = Release|Any CPU
		{C55B156A-CC8B-4EB9-BE65-BF0D63C1E5E2}.Release|Mixed Platforms.Build.0 = Release|Any CPU
		{C55B156A-CC8B-4EB9-BE65-BF0D63C1E5E2}.Release|x86.ActiveCfg = Release|Any CPU
		{EB1D1A60-B6A8-447B-B36C-7EE7891A9E08}.Debug|Any CPU.ActiveCfg = Debug|Any CPU
		{EB1D1A60-B6A8-447B-B36C-7EE7891A9E08}.Debug|Any CPU.Build.0 = Debug|Any CPU
		{EB1D1A60-B6A8-447B-B36C-7EE7891A9E08}.Debug|Mixed Platforms.ActiveCfg = Debug|Any CPU
		{EB1D1A60-B6A8-447B-B36C-7EE7891A9E08}.Debug|Mixed Platforms.Build.0 = Debug|Any CPU
		{EB1D1A60-B6A8-447B-B36C-7EE7891A9E08}.Debug|x86.ActiveCfg = Debug|Any CPU
		{EB1D1A60-B6A8-447B-B36C-7EE7891A9E08}.Release|Any CPU.ActiveCfg = Release|Any CPU
		{EB1D1A60-B6A8-447B-B36C-7EE7891A9E08}.Release|Any CPU.Build.0 = Release|Any CPU
		{EB1D1A60-B6A8-447B-B36C-7EE7891A9E08}.Release|Mixed Platforms.ActiveCfg = Release|Any CPU
		{EB1D1A60-B6A8-447B-B36C-7EE7891A9E08}.Release|Mixed Platforms.Build.0 = Release|Any CPU
		{EB1D1A60-B6A8-447B-B36C-7EE7891A9E08}.Release|x86.ActiveCfg = Release|Any CPU
		{8BE3E22D-E56A-44C6-9319-68D570BB11C6}.Debug|Any CPU.ActiveCfg = Debug|Any CPU
		{8BE3E22D-E56A-44C6-9319-68D570BB11C6}.Debug|Any CPU.Build.0 = Debug|Any CPU
		{8BE3E22D-E56A-44C6-9319-68D570BB11C6}.Debug|Mixed Platforms.ActiveCfg = Debug|Any CPU
		{8BE3E22D-E56A-44C6-9319-68D570BB11C6}.Debug|Mixed Platforms.Build.0 = Debug|Any CPU
		{8BE3E22D-E56A-44C6-9319-68D570BB11C6}.Debug|x86.ActiveCfg = Debug|Any CPU
		{8BE3E22D-E56A-44C6-9319-68D570BB11C6}.Release|Any CPU.ActiveCfg = Release|Any CPU
		{8BE3E22D-E56A-44C6-9319-68D570BB11C6}.Release|Any CPU.Build.0 = Release|Any CPU
		{8BE3E22D-E56A-44C6-9319-68D570BB11C6}.Release|Mixed Platforms.ActiveCfg = Release|Any CPU
		{8BE3E22D-E56A-44C6-9319-68D570BB11C6}.Release|Mixed Platforms.Build.0 = Release|Any CPU
		{8BE3E22D-E56A-44C6-9319-68D570BB11C6}.Release|x86.ActiveCfg = Release|Any CPU
		{6E63A56D-14EE-4E99-9984-E9664F480D15}.Debug|Any CPU.ActiveCfg = Debug|Any CPU
		{6E63A56D-14EE-4E99-9984-E9664F480D15}.Debug|Any CPU.Build.0 = Debug|Any CPU
		{6E63A56D-14EE-4E99-9984-E9664F480D15}.Debug|Mixed Platforms.ActiveCfg = Debug|Any CPU
		{6E63A56D-14EE-4E99-9984-E9664F480D15}.Debug|Mixed Platforms.Build.0 = Debug|Any CPU
		{6E63A56D-14EE-4E99-9984-E9664F480D15}.Debug|x86.ActiveCfg = Debug|Any CPU
		{6E63A56D-14EE-4E99-9984-E9664F480D15}.Release|Any CPU.ActiveCfg = Release|Any CPU
		{6E63A56D-14EE-4E99-9984-E9664F480D15}.Release|Any CPU.Build.0 = Release|Any CPU
		{6E63A56D-14EE-4E99-9984-E9664F480D15}.Release|Mixed Platforms.ActiveCfg = Release|Any CPU
		{6E63A56D-14EE-4E99-9984-E9664F480D15}.Release|Mixed Platforms.Build.0 = Release|Any CPU
		{6E63A56D-14EE-4E99-9984-E9664F480D15}.Release|x86.ActiveCfg = Release|Any CPU
		{96861E9B-D128-438A-85DA-9F51E7220AD8}.Debug|Any CPU.ActiveCfg = Debug|Any CPU
		{96861E9B-D128-438A-85DA-9F51E7220AD8}.Debug|Any CPU.Build.0 = Debug|Any CPU
		{96861E9B-D128-438A-85DA-9F51E7220AD8}.Debug|Mixed Platforms.ActiveCfg = Debug|Any CPU
		{96861E9B-D128-438A-85DA-9F51E7220AD8}.Debug|Mixed Platforms.Build.0 = Debug|Any CPU
		{96861E9B-D128-438A-85DA-9F51E7220AD8}.Debug|x86.ActiveCfg = Debug|Any CPU
		{96861E9B-D128-438A-85DA-9F51E7220AD8}.Release|Any CPU.ActiveCfg = Release|Any CPU
		{96861E9B-D128-438A-85DA-9F51E7220AD8}.Release|Any CPU.Build.0 = Release|Any CPU
		{96861E9B-D128-438A-85DA-9F51E7220AD8}.Release|Mixed Platforms.ActiveCfg = Release|Any CPU
		{96861E9B-D128-438A-85DA-9F51E7220AD8}.Release|Mixed Platforms.Build.0 = Release|Any CPU
		{96861E9B-D128-438A-85DA-9F51E7220AD8}.Release|x86.ActiveCfg = Release|Any CPU
		{15A3421B-14B9-46BA-B1F4-FC43557EDF8E}.Debug|Any CPU.ActiveCfg = Debug|Any CPU
		{15A3421B-14B9-46BA-B1F4-FC43557EDF8E}.Debug|Any CPU.Build.0 = Debug|Any CPU
		{15A3421B-14B9-46BA-B1F4-FC43557EDF8E}.Debug|Mixed Platforms.ActiveCfg = Debug|Any CPU
		{15A3421B-14B9-46BA-B1F4-FC43557EDF8E}.Debug|Mixed Platforms.Build.0 = Debug|Any CPU
		{15A3421B-14B9-46BA-B1F4-FC43557EDF8E}.Debug|x86.ActiveCfg = Debug|Any CPU
		{15A3421B-14B9-46BA-B1F4-FC43557EDF8E}.Release|Any CPU.ActiveCfg = Release|Any CPU
		{15A3421B-14B9-46BA-B1F4-FC43557EDF8E}.Release|Any CPU.Build.0 = Release|Any CPU
		{15A3421B-14B9-46BA-B1F4-FC43557EDF8E}.Release|Mixed Platforms.ActiveCfg = Release|Any CPU
		{15A3421B-14B9-46BA-B1F4-FC43557EDF8E}.Release|Mixed Platforms.Build.0 = Release|Any CPU
		{15A3421B-14B9-46BA-B1F4-FC43557EDF8E}.Release|x86.ActiveCfg = Release|Any CPU
		{8C87199B-0F07-4053-80DF-A75DDD63A5E2}.Debug|Any CPU.ActiveCfg = Debug|Any CPU
		{8C87199B-0F07-4053-80DF-A75DDD63A5E2}.Debug|Any CPU.Build.0 = Debug|Any CPU
		{8C87199B-0F07-4053-80DF-A75DDD63A5E2}.Debug|Mixed Platforms.ActiveCfg = Debug|Any CPU
		{8C87199B-0F07-4053-80DF-A75DDD63A5E2}.Debug|Mixed Platforms.Build.0 = Debug|Any CPU
		{8C87199B-0F07-4053-80DF-A75DDD63A5E2}.Debug|x86.ActiveCfg = Debug|Any CPU
		{8C87199B-0F07-4053-80DF-A75DDD63A5E2}.Release|Any CPU.ActiveCfg = Release|Any CPU
		{8C87199B-0F07-4053-80DF-A75DDD63A5E2}.Release|Any CPU.Build.0 = Release|Any CPU
		{8C87199B-0F07-4053-80DF-A75DDD63A5E2}.Release|Mixed Platforms.ActiveCfg = Release|Any CPU
		{8C87199B-0F07-4053-80DF-A75DDD63A5E2}.Release|Mixed Platforms.Build.0 = Release|Any CPU
		{8C87199B-0F07-4053-80DF-A75DDD63A5E2}.Release|x86.ActiveCfg = Release|Any CPU
		{4F796810-F43D-41C3-9D83-AB83D93F1150}.Debug|Any CPU.ActiveCfg = Debug|Any CPU
		{4F796810-F43D-41C3-9D83-AB83D93F1150}.Debug|Any CPU.Build.0 = Debug|Any CPU
		{4F796810-F43D-41C3-9D83-AB83D93F1150}.Debug|Mixed Platforms.ActiveCfg = Debug|Any CPU
		{4F796810-F43D-41C3-9D83-AB83D93F1150}.Debug|Mixed Platforms.Build.0 = Debug|Any CPU
		{4F796810-F43D-41C3-9D83-AB83D93F1150}.Debug|x86.ActiveCfg = Debug|Any CPU
		{4F796810-F43D-41C3-9D83-AB83D93F1150}.Release|Any CPU.ActiveCfg = Release|Any CPU
		{4F796810-F43D-41C3-9D83-AB83D93F1150}.Release|Any CPU.Build.0 = Release|Any CPU
		{4F796810-F43D-41C3-9D83-AB83D93F1150}.Release|Mixed Platforms.ActiveCfg = Release|Any CPU
		{4F796810-F43D-41C3-9D83-AB83D93F1150}.Release|Mixed Platforms.Build.0 = Release|Any CPU
		{4F796810-F43D-41C3-9D83-AB83D93F1150}.Release|x86.ActiveCfg = Release|Any CPU
	EndGlobalSection
	GlobalSection(SolutionProperties) = preSolution
		HideSolutionNode = FALSE
	EndGlobalSection
	GlobalSection(NestedProjects) = preSolution
		{0E77BD72-2B56-4080-8220-31D66ABA71D3} = {D8E582A5-A29C-473F-939E-A1B76BBC77E2}
		{F200958C-B217-4708-AF63-81D5AB179FA0} = {D8E582A5-A29C-473F-939E-A1B76BBC77E2}
		{F238D8A7-7D65-444B-A816-2E7DCDCDE1DF} = {1FE0D071-9CC3-4114-AC18-778414B4416E}
		{268682C9-2A8F-4AEA-B95B-0CEA9B9D7925} = {1FE0D071-9CC3-4114-AC18-778414B4416E}
		{59A2FC1F-C976-4CD3-89FF-C6A70C0B6584} = {1FE0D071-9CC3-4114-AC18-778414B4416E}
		{4D8E2A78-D2F0-412C-8FAD-AD07135845D3} = {082302D8-0709-4A89-8B0B-69EA7CF7F381}
		{74422501-DEC2-478A-A0C4-3CBF82785EC8} = {F200958C-B217-4708-AF63-81D5AB179FA0}
		{8BE3E22D-E56A-44C6-9319-68D570BB11C6} = {F200958C-B217-4708-AF63-81D5AB179FA0}
		{863B1A63-002F-47AF-BA19-2C53BBBCE4ED} = {F238D8A7-7D65-444B-A816-2E7DCDCDE1DF}
		{6E63A56D-14EE-4E99-9984-E9664F480D15} = {F238D8A7-7D65-444B-A816-2E7DCDCDE1DF}
		{6DB7B3DD-45B1-4A3B-8FD5-CBAA0D0F2B91} = {BEC3BF94-B604-49CF-A499-34CFE8409623}
		{05546654-B256-4B52-A29C-1983DD1D2845} = {4D8E2A78-D2F0-412C-8FAD-AD07135845D3}
		{4EAE62DE-8210-406A-8AC6-D57F5AB4D46C} = {4D8E2A78-D2F0-412C-8FAD-AD07135845D3}
		{4F796810-F43D-41C3-9D83-AB83D93F1150} = {4D8E2A78-D2F0-412C-8FAD-AD07135845D3}
		{C55B156A-CC8B-4EB9-BE65-BF0D63C1E5E2} = {4EAE62DE-8210-406A-8AC6-D57F5AB4D46C}
		{EB1D1A60-B6A8-447B-B36C-7EE7891A9E08} = {4EAE62DE-8210-406A-8AC6-D57F5AB4D46C}
		{05CACEEE-2939-491A-AAFF-7BDF904AA95F} = {E86C21F6-C15B-4295-B522-D039809FA66D}
		{84743155-75CB-4F41-93B3-03EFADE0D3EB} = {05CACEEE-2939-491A-AAFF-7BDF904AA95F}
		{B21A79D1-2A02-4415-BC91-4EF305854AF3} = {05CACEEE-2939-491A-AAFF-7BDF904AA95F}
		{4F3F4685-49AC-4165-915C-88A6DCE3272C} = {05CACEEE-2939-491A-AAFF-7BDF904AA95F}
		{8C87199B-0F07-4053-80DF-A75DDD63A5E2} = {84743155-75CB-4F41-93B3-03EFADE0D3EB}
		{15A3421B-14B9-46BA-B1F4-FC43557EDF8E} = {B21A79D1-2A02-4415-BC91-4EF305854AF3}
		{96861E9B-D128-438A-85DA-9F51E7220AD8} = {4F3F4685-49AC-4165-915C-88A6DCE3272C}
	EndGlobalSection
	GlobalSection(ExtensibilityGlobals) = postSolution
		VisualSVNWorkingCopyRoot = .
	EndGlobalSection
EndGlobal
