
Microsoft Visual Studio Solution File, Format Version 11.00
# Visual Studio 2010
Project("{FAE04EC0-301F-11D3-BF4B-00C04F79EFBC}") = "Client", "Client\Client.csproj", "{05D4A3D9-FF06-49BD-B71B-3E0A4F1B76DB}"
EndProject
Project("{FAE04EC0-301F-11D3-BF4B-00C04F79EFBC}") = "SMS_API", "SMS_API\SMS_API.csproj", "{9B638F23-5FCE-44B5-8044-F0AF65F3124D}"
EndProject
Project("{FAE04EC0-301F-11D3-BF4B-00C04F79EFBC}") = "Server", "Server\Server.csproj", "{CCEC719C-AB08-48D2-A2A8-77CEE747B197}"
EndProject
Project("{FAE04EC0-301F-11D3-BF4B-00C04F79EFBC}") = "Extensions", "Extensions\Extensions.csproj", "{AC374C0A-187A-4007-BE4B-D36B77298986}"
EndProject
Project("{FAE04EC0-301F-11D3-BF4B-00C04F79EFBC}") = "TestingServer", "TestingServer\TestingServer.csproj", "{4C318285-A59C-4FE5-9F96-1CD9C77C683C}"
EndProject
Project("{FAE04EC0-301F-11D3-BF4B-00C04F79EFBC}") = "ServerCode", "ServerCode\ServerCode.csproj", "{06761DA3-36A3-45DE-BEC0-32114DFCF3C1}"
EndProject
Project("{F184B08F-C81C-45F6-A57F-5ABD9991F28F}") = "Windows 7 Dialogs", "Windows 7 Dialogs\Windows 7 Dialogs.vbproj", "{E2FAE200-D00B-449A-A03C-C03DC3313F27}"
EndProject
Project("{FAE04EC0-301F-11D3-BF4B-00C04F79EFBC}") = "wpfClient", "wpfClient\wpfClient.csproj", "{66330F4F-4863-45FD-A792-7F0D3FF2AECC}"
EndProject
Project("{2150E333-8FDC-42A3-9474-1A3956D46DE8}") = "Plugins", "Plugins", "{C11C9BF5-DFA0-477A-8910-BF356A33E421}"
	ProjectSection(SolutionItems) = preProject
		PluginDescriptor.xml = PluginDescriptor.xml
		PluginDescriptorSchema.xsd = PluginDescriptorSchema.xsd
	EndProjectSection
EndProject
Project("{FAE04EC0-301F-11D3-BF4B-00C04F79EFBC}") = "Plugins.PluginController", "Plugins.PluginController\Plugins.PluginController.csproj", "{78A25743-10B2-4612-8367-7CED35ACF9B6}"
EndProject
Project("{FAE04EC0-301F-11D3-BF4B-00C04F79EFBC}") = "Plugins.PluginFactory", "Plugins.PluginFactory\Plugins.PluginFactory.csproj", "{ECDE100F-114E-4A24-8128-037D61E5176D}"
EndProject
Project("{FAE04EC0-301F-11D3-BF4B-00C04F79EFBC}") = "Plugin.SMS", "Plugin.SMS\Plugin.SMS.csproj", "{8E4DEF8B-953C-4E53-B428-3586F004840C}"
EndProject
Project("{FAE04EC0-301F-11D3-BF4B-00C04F79EFBC}") = "Plugin.Updater", "Plugin.Updater\Plugin.Updater.csproj", "{FED14967-D008-462E-9785-F76A07278060}"
EndProject
Project("{FAE04EC0-301F-11D3-BF4B-00C04F79EFBC}") = "TestOnDemandLoader", "TestOnDemandLoader\TestOnDemandLoader.csproj", "{DF979647-29B7-4B06-8639-03A8A9F2663B}"
EndProject
Project("{FAE04EC0-301F-11D3-BF4B-00C04F79EFBC}") = "wpfClientPluginTest", "wpfClientPluginTest\wpfClientPluginTest.csproj", "{AFDCAFD0-A8CA-46BE-A1AB-1B57909524C8}"
EndProject
Global
	GlobalSection(SolutionConfigurationPlatforms) = preSolution
		Debug|Any CPU = Debug|Any CPU
		Debug|Mixed Platforms = Debug|Mixed Platforms
		Debug|x86 = Debug|x86
		Release|Any CPU = Release|Any CPU
		Release|Mixed Platforms = Release|Mixed Platforms
		Release|x86 = Release|x86
	EndGlobalSection
	GlobalSection(ProjectConfigurationPlatforms) = postSolution
		{05D4A3D9-FF06-49BD-B71B-3E0A4F1B76DB}.Debug|Any CPU.ActiveCfg = Debug|x86
		{05D4A3D9-FF06-49BD-B71B-3E0A4F1B76DB}.Debug|Mixed Platforms.ActiveCfg = Debug|x86
		{05D4A3D9-FF06-49BD-B71B-3E0A4F1B76DB}.Debug|Mixed Platforms.Build.0 = Debug|x86
		{05D4A3D9-FF06-49BD-B71B-3E0A4F1B76DB}.Debug|x86.ActiveCfg = Debug|x86
		{05D4A3D9-FF06-49BD-B71B-3E0A4F1B76DB}.Debug|x86.Build.0 = Debug|x86
		{05D4A3D9-FF06-49BD-B71B-3E0A4F1B76DB}.Release|Any CPU.ActiveCfg = Release|x86
		{05D4A3D9-FF06-49BD-B71B-3E0A4F1B76DB}.Release|Mixed Platforms.ActiveCfg = Release|x86
		{05D4A3D9-FF06-49BD-B71B-3E0A4F1B76DB}.Release|Mixed Platforms.Build.0 = Release|x86
		{05D4A3D9-FF06-49BD-B71B-3E0A4F1B76DB}.Release|x86.ActiveCfg = Release|x86
		{05D4A3D9-FF06-49BD-B71B-3E0A4F1B76DB}.Release|x86.Build.0 = Release|x86
		{9B638F23-5FCE-44B5-8044-F0AF65F3124D}.Debug|Any CPU.ActiveCfg = Debug|Any CPU
		{9B638F23-5FCE-44B5-8044-F0AF65F3124D}.Debug|Any CPU.Build.0 = Debug|Any CPU
		{9B638F23-5FCE-44B5-8044-F0AF65F3124D}.Debug|Mixed Platforms.ActiveCfg = Debug|Any CPU
		{9B638F23-5FCE-44B5-8044-F0AF65F3124D}.Debug|Mixed Platforms.Build.0 = Debug|Any CPU
		{9B638F23-5FCE-44B5-8044-F0AF65F3124D}.Debug|x86.ActiveCfg = Debug|Any CPU
		{9B638F23-5FCE-44B5-8044-F0AF65F3124D}.Release|Any CPU.ActiveCfg = Release|Any CPU
		{9B638F23-5FCE-44B5-8044-F0AF65F3124D}.Release|Any CPU.Build.0 = Release|Any CPU
		{9B638F23-5FCE-44B5-8044-F0AF65F3124D}.Release|Mixed Platforms.ActiveCfg = Release|Any CPU
		{9B638F23-5FCE-44B5-8044-F0AF65F3124D}.Release|Mixed Platforms.Build.0 = Release|Any CPU
		{9B638F23-5FCE-44B5-8044-F0AF65F3124D}.Release|x86.ActiveCfg = Release|Any CPU
		{CCEC719C-AB08-48D2-A2A8-77CEE747B197}.Debug|Any CPU.ActiveCfg = Debug|x86
		{CCEC719C-AB08-48D2-A2A8-77CEE747B197}.Debug|Mixed Platforms.ActiveCfg = Debug|x86
		{CCEC719C-AB08-48D2-A2A8-77CEE747B197}.Debug|Mixed Platforms.Build.0 = Debug|x86
		{CCEC719C-AB08-48D2-A2A8-77CEE747B197}.Debug|x86.ActiveCfg = Debug|x86
		{CCEC719C-AB08-48D2-A2A8-77CEE747B197}.Debug|x86.Build.0 = Debug|x86
		{CCEC719C-AB08-48D2-A2A8-77CEE747B197}.Release|Any CPU.ActiveCfg = Release|x86
		{CCEC719C-AB08-48D2-A2A8-77CEE747B197}.Release|Mixed Platforms.ActiveCfg = Release|x86
		{CCEC719C-AB08-48D2-A2A8-77CEE747B197}.Release|Mixed Platforms.Build.0 = Release|x86
		{CCEC719C-AB08-48D2-A2A8-77CEE747B197}.Release|x86.ActiveCfg = Release|x86
		{CCEC719C-AB08-48D2-A2A8-77CEE747B197}.Release|x86.Build.0 = Release|x86
		{AC374C0A-187A-4007-BE4B-D36B77298986}.Debug|Any CPU.ActiveCfg = Debug|Any CPU
		{AC374C0A-187A-4007-BE4B-D36B77298986}.Debug|Any CPU.Build.0 = Debug|Any CPU
		{AC374C0A-187A-4007-BE4B-D36B77298986}.Debug|Mixed Platforms.ActiveCfg = Debug|Any CPU
		{AC374C0A-187A-4007-BE4B-D36B77298986}.Debug|Mixed Platforms.Build.0 = Debug|Any CPU
		{AC374C0A-187A-4007-BE4B-D36B77298986}.Debug|x86.ActiveCfg = Debug|Any CPU
		{AC374C0A-187A-4007-BE4B-D36B77298986}.Release|Any CPU.ActiveCfg = Release|Any CPU
		{AC374C0A-187A-4007-BE4B-D36B77298986}.Release|Any CPU.Build.0 = Release|Any CPU
		{AC374C0A-187A-4007-BE4B-D36B77298986}.Release|Mixed Platforms.ActiveCfg = Release|Any CPU
		{AC374C0A-187A-4007-BE4B-D36B77298986}.Release|Mixed Platforms.Build.0 = Release|Any CPU
		{AC374C0A-187A-4007-BE4B-D36B77298986}.Release|x86.ActiveCfg = Release|Any CPU
		{4C318285-A59C-4FE5-9F96-1CD9C77C683C}.Debug|Any CPU.ActiveCfg = Debug|x86
		{4C318285-A59C-4FE5-9F96-1CD9C77C683C}.Debug|Mixed Platforms.ActiveCfg = Debug|x86
		{4C318285-A59C-4FE5-9F96-1CD9C77C683C}.Debug|Mixed Platforms.Build.0 = Debug|x86
		{4C318285-A59C-4FE5-9F96-1CD9C77C683C}.Debug|x86.ActiveCfg = Debug|x86
		{4C318285-A59C-4FE5-9F96-1CD9C77C683C}.Debug|x86.Build.0 = Debug|x86
		{4C318285-A59C-4FE5-9F96-1CD9C77C683C}.Release|Any CPU.ActiveCfg = Release|x86
		{4C318285-A59C-4FE5-9F96-1CD9C77C683C}.Release|Mixed Platforms.ActiveCfg = Release|x86
		{4C318285-A59C-4FE5-9F96-1CD9C77C683C}.Release|Mixed Platforms.Build.0 = Release|x86
		{4C318285-A59C-4FE5-9F96-1CD9C77C683C}.Release|x86.ActiveCfg = Release|x86
		{4C318285-A59C-4FE5-9F96-1CD9C77C683C}.Release|x86.Build.0 = Release|x86
		{06761DA3-36A3-45DE-BEC0-32114DFCF3C1}.Debug|Any CPU.ActiveCfg = Debug|Any CPU
		{06761DA3-36A3-45DE-BEC0-32114DFCF3C1}.Debug|Any CPU.Build.0 = Debug|Any CPU
		{06761DA3-36A3-45DE-BEC0-32114DFCF3C1}.Debug|Mixed Platforms.ActiveCfg = Debug|Any CPU
		{06761DA3-36A3-45DE-BEC0-32114DFCF3C1}.Debug|Mixed Platforms.Build.0 = Debug|Any CPU
		{06761DA3-36A3-45DE-BEC0-32114DFCF3C1}.Debug|x86.ActiveCfg = Debug|Any CPU
		{06761DA3-36A3-45DE-BEC0-32114DFCF3C1}.Release|Any CPU.ActiveCfg = Release|Any CPU
		{06761DA3-36A3-45DE-BEC0-32114DFCF3C1}.Release|Any CPU.Build.0 = Release|Any CPU
		{06761DA3-36A3-45DE-BEC0-32114DFCF3C1}.Release|Mixed Platforms.ActiveCfg = Release|Any CPU
		{06761DA3-36A3-45DE-BEC0-32114DFCF3C1}.Release|Mixed Platforms.Build.0 = Release|Any CPU
		{06761DA3-36A3-45DE-BEC0-32114DFCF3C1}.Release|x86.ActiveCfg = Release|Any CPU
		{E2FAE200-D00B-449A-A03C-C03DC3313F27}.Debug|Any CPU.ActiveCfg = Debug|Any CPU
		{E2FAE200-D00B-449A-A03C-C03DC3313F27}.Debug|Any CPU.Build.0 = Debug|Any CPU
		{E2FAE200-D00B-449A-A03C-C03DC3313F27}.Debug|Mixed Platforms.ActiveCfg = Debug|Any CPU
		{E2FAE200-D00B-449A-A03C-C03DC3313F27}.Debug|Mixed Platforms.Build.0 = Debug|Any CPU
		{E2FAE200-D00B-449A-A03C-C03DC3313F27}.Debug|x86.ActiveCfg = Debug|Any CPU
		{E2FAE200-D00B-449A-A03C-C03DC3313F27}.Release|Any CPU.ActiveCfg = Release|Any CPU
		{E2FAE200-D00B-449A-A03C-C03DC3313F27}.Release|Any CPU.Build.0 = Release|Any CPU
		{E2FAE200-D00B-449A-A03C-C03DC3313F27}.Release|Mixed Platforms.ActiveCfg = Release|Any CPU
		{E2FAE200-D00B-449A-A03C-C03DC3313F27}.Release|Mixed Platforms.Build.0 = Release|Any CPU
		{E2FAE200-D00B-449A-A03C-C03DC3313F27}.Release|x86.ActiveCfg = Release|Any CPU
		{66330F4F-4863-45FD-A792-7F0D3FF2AECC}.Debug|Any CPU.ActiveCfg = Debug|x86
		{66330F4F-4863-45FD-A792-7F0D3FF2AECC}.Debug|Mixed Platforms.ActiveCfg = Debug|x86
		{66330F4F-4863-45FD-A792-7F0D3FF2AECC}.Debug|Mixed Platforms.Build.0 = Debug|x86
		{66330F4F-4863-45FD-A792-7F0D3FF2AECC}.Debug|x86.ActiveCfg = Debug|x86
		{66330F4F-4863-45FD-A792-7F0D3FF2AECC}.Debug|x86.Build.0 = Debug|x86
		{66330F4F-4863-45FD-A792-7F0D3FF2AECC}.Release|Any CPU.ActiveCfg = Release|x86
		{66330F4F-4863-45FD-A792-7F0D3FF2AECC}.Release|Mixed Platforms.ActiveCfg = Release|x86
		{66330F4F-4863-45FD-A792-7F0D3FF2AECC}.Release|Mixed Platforms.Build.0 = Release|x86
		{66330F4F-4863-45FD-A792-7F0D3FF2AECC}.Release|x86.ActiveCfg = Release|x86
		{66330F4F-4863-45FD-A792-7F0D3FF2AECC}.Release|x86.Build.0 = Release|x86
		{78A25743-10B2-4612-8367-7CED35ACF9B6}.Debug|Any CPU.ActiveCfg = Debug|Any CPU
		{78A25743-10B2-4612-8367-7CED35ACF9B6}.Debug|Any CPU.Build.0 = Debug|Any CPU
		{78A25743-10B2-4612-8367-7CED35ACF9B6}.Debug|Mixed Platforms.ActiveCfg = Debug|Any CPU
		{78A25743-10B2-4612-8367-7CED35ACF9B6}.Debug|Mixed Platforms.Build.0 = Debug|Any CPU
		{78A25743-10B2-4612-8367-7CED35ACF9B6}.Debug|x86.ActiveCfg = Debug|Any CPU
		{78A25743-10B2-4612-8367-7CED35ACF9B6}.Release|Any CPU.ActiveCfg = Release|Any CPU
		{78A25743-10B2-4612-8367-7CED35ACF9B6}.Release|Any CPU.Build.0 = Release|Any CPU
		{78A25743-10B2-4612-8367-7CED35ACF9B6}.Release|Mixed Platforms.ActiveCfg = Release|Any CPU
		{78A25743-10B2-4612-8367-7CED35ACF9B6}.Release|Mixed Platforms.Build.0 = Release|Any CPU
		{78A25743-10B2-4612-8367-7CED35ACF9B6}.Release|x86.ActiveCfg = Release|Any CPU
		{ECDE100F-114E-4A24-8128-037D61E5176D}.Debug|Any CPU.ActiveCfg = Debug|Any CPU
		{ECDE100F-114E-4A24-8128-037D61E5176D}.Debug|Any CPU.Build.0 = Debug|Any CPU
		{ECDE100F-114E-4A24-8128-037D61E5176D}.Debug|Mixed Platforms.ActiveCfg = Debug|Any CPU
		{ECDE100F-114E-4A24-8128-037D61E5176D}.Debug|Mixed Platforms.Build.0 = Debug|Any CPU
		{ECDE100F-114E-4A24-8128-037D61E5176D}.Debug|x86.ActiveCfg = Debug|Any CPU
		{ECDE100F-114E-4A24-8128-037D61E5176D}.Release|Any CPU.ActiveCfg = Release|Any CPU
		{ECDE100F-114E-4A24-8128-037D61E5176D}.Release|Any CPU.Build.0 = Release|Any CPU
		{ECDE100F-114E-4A24-8128-037D61E5176D}.Release|Mixed Platforms.ActiveCfg = Release|Any CPU
		{ECDE100F-114E-4A24-8128-037D61E5176D}.Release|Mixed Platforms.Build.0 = Release|Any CPU
		{ECDE100F-114E-4A24-8128-037D61E5176D}.Release|x86.ActiveCfg = Release|Any CPU
		{8E4DEF8B-953C-4E53-B428-3586F004840C}.Debug|Any CPU.ActiveCfg = Debug|Any CPU
		{8E4DEF8B-953C-4E53-B428-3586F004840C}.Debug|Any CPU.Build.0 = Debug|Any CPU
		{8E4DEF8B-953C-4E53-B428-3586F004840C}.Debug|Mixed Platforms.ActiveCfg = Debug|Any CPU
		{8E4DEF8B-953C-4E53-B428-3586F004840C}.Debug|Mixed Platforms.Build.0 = Debug|Any CPU
		{8E4DEF8B-953C-4E53-B428-3586F004840C}.Debug|x86.ActiveCfg = Debug|Any CPU
		{8E4DEF8B-953C-4E53-B428-3586F004840C}.Release|Any CPU.ActiveCfg = Release|Any CPU
		{8E4DEF8B-953C-4E53-B428-3586F004840C}.Release|Any CPU.Build.0 = Release|Any CPU
		{8E4DEF8B-953C-4E53-B428-3586F004840C}.Release|Mixed Platforms.ActiveCfg = Release|Any CPU
		{8E4DEF8B-953C-4E53-B428-3586F004840C}.Release|Mixed Platforms.Build.0 = Release|Any CPU
		{8E4DEF8B-953C-4E53-B428-3586F004840C}.Release|x86.ActiveCfg = Release|Any CPU
		{FED14967-D008-462E-9785-F76A07278060}.Debug|Any CPU.ActiveCfg = Debug|Any CPU
		{FED14967-D008-462E-9785-F76A07278060}.Debug|Any CPU.Build.0 = Debug|Any CPU
		{FED14967-D008-462E-9785-F76A07278060}.Debug|Mixed Platforms.ActiveCfg = Debug|Any CPU
		{FED14967-D008-462E-9785-F76A07278060}.Debug|Mixed Platforms.Build.0 = Debug|Any CPU
		{FED14967-D008-462E-9785-F76A07278060}.Debug|x86.ActiveCfg = Debug|Any CPU
		{FED14967-D008-462E-9785-F76A07278060}.Release|Any CPU.ActiveCfg = Release|Any CPU
		{FED14967-D008-462E-9785-F76A07278060}.Release|Any CPU.Build.0 = Release|Any CPU
		{FED14967-D008-462E-9785-F76A07278060}.Release|Mixed Platforms.ActiveCfg = Release|Any CPU
		{FED14967-D008-462E-9785-F76A07278060}.Release|Mixed Platforms.Build.0 = Release|Any CPU
		{FED14967-D008-462E-9785-F76A07278060}.Release|x86.ActiveCfg = Release|Any CPU
		{DF979647-29B7-4B06-8639-03A8A9F2663B}.Debug|Any CPU.ActiveCfg = Debug|x86
		{DF979647-29B7-4B06-8639-03A8A9F2663B}.Debug|Mixed Platforms.ActiveCfg = Debug|x86
		{DF979647-29B7-4B06-8639-03A8A9F2663B}.Debug|Mixed Platforms.Build.0 = Debug|x86
		{DF979647-29B7-4B06-8639-03A8A9F2663B}.Debug|x86.ActiveCfg = Debug|x86
		{DF979647-29B7-4B06-8639-03A8A9F2663B}.Debug|x86.Build.0 = Debug|x86
		{DF979647-29B7-4B06-8639-03A8A9F2663B}.Release|Any CPU.ActiveCfg = Release|x86
		{DF979647-29B7-4B06-8639-03A8A9F2663B}.Release|Mixed Platforms.ActiveCfg = Release|x86
		{DF979647-29B7-4B06-8639-03A8A9F2663B}.Release|Mixed Platforms.Build.0 = Release|x86
		{DF979647-29B7-4B06-8639-03A8A9F2663B}.Release|x86.ActiveCfg = Release|x86
		{DF979647-29B7-4B06-8639-03A8A9F2663B}.Release|x86.Build.0 = Release|x86
		{AFDCAFD0-A8CA-46BE-A1AB-1B57909524C8}.Debug|Any CPU.ActiveCfg = Debug|x86
		{AFDCAFD0-A8CA-46BE-A1AB-1B57909524C8}.Debug|Mixed Platforms.ActiveCfg = Debug|x86
		{AFDCAFD0-A8CA-46BE-A1AB-1B57909524C8}.Debug|Mixed Platforms.Build.0 = Debug|x86
		{AFDCAFD0-A8CA-46BE-A1AB-1B57909524C8}.Debug|x86.ActiveCfg = Debug|x86
		{AFDCAFD0-A8CA-46BE-A1AB-1B57909524C8}.Debug|x86.Build.0 = Debug|x86
		{AFDCAFD0-A8CA-46BE-A1AB-1B57909524C8}.Release|Any CPU.ActiveCfg = Release|x86
		{AFDCAFD0-A8CA-46BE-A1AB-1B57909524C8}.Release|Mixed Platforms.ActiveCfg = Release|x86
		{AFDCAFD0-A8CA-46BE-A1AB-1B57909524C8}.Release|Mixed Platforms.Build.0 = Release|x86
		{AFDCAFD0-A8CA-46BE-A1AB-1B57909524C8}.Release|x86.ActiveCfg = Release|x86
		{AFDCAFD0-A8CA-46BE-A1AB-1B57909524C8}.Release|x86.Build.0 = Release|x86
	EndGlobalSection
	GlobalSection(SolutionProperties) = preSolution
		HideSolutionNode = FALSE
	EndGlobalSection
	GlobalSection(NestedProjects) = preSolution
		{78A25743-10B2-4612-8367-7CED35ACF9B6} = {C11C9BF5-DFA0-477A-8910-BF356A33E421}
		{ECDE100F-114E-4A24-8128-037D61E5176D} = {C11C9BF5-DFA0-477A-8910-BF356A33E421}
		{8E4DEF8B-953C-4E53-B428-3586F004840C} = {C11C9BF5-DFA0-477A-8910-BF356A33E421}
		{FED14967-D008-462E-9785-F76A07278060} = {C11C9BF5-DFA0-477A-8910-BF356A33E421}
	EndGlobalSection
	GlobalSection(ExtensibilityGlobals) = postSolution
		VisualSVNWorkingCopyRoot = .
	EndGlobalSection
EndGlobal
